// !$*UTF8*$!
{
	archiveVersion = 1;
	classes = {
	};
	objectVersion = 46;
	objects = {

/* Begin PBXBuildFile section */
		61A6A4A78ADD9644105DE545 /* Pods_UINProjectBaseSet.framework in Frameworks */ = {isa = PBXBuildFile; fileRef = FE92C71D681A58F6380201EF /* Pods_UINProjectBaseSet.framework */; settings = {ATTRIBUTES = (Weak, ); }; };
		6D13293D1BD4BC3B00728BC8 /* User.swift in Sources */ = {isa = PBXBuildFile; fileRef = 6D13293C1BD4BC3B00728BC8 /* User.swift */; settings = {ASSET_TAGS = (); }; };
		6D1367FB1BCF79EF001D2D67 /* UILabelTests.swift in Sources */ = {isa = PBXBuildFile; fileRef = 6D1367FA1BCF79EF001D2D67 /* UILabelTests.swift */; settings = {ASSET_TAGS = (); }; };
		6D1367FD1BCF82FC001D2D67 /* UIScreenTests.swift in Sources */ = {isa = PBXBuildFile; fileRef = 6D1367FC1BCF82FC001D2D67 /* UIScreenTests.swift */; settings = {ASSET_TAGS = (); }; };
		6D28789D1BCFAB1400842003 /* UITableViewTests.swift in Sources */ = {isa = PBXBuildFile; fileRef = 6D28789C1BCFAB1400842003 /* UITableViewTests.swift */; settings = {ASSET_TAGS = (); }; };
		6DA839A71BCF35B80029BB73 /* NSObjectTests.swift in Sources */ = {isa = PBXBuildFile; fileRef = 6DA839A61BCF35B80029BB73 /* NSObjectTests.swift */; settings = {ASSET_TAGS = (); }; };
		6DA839A91BCF39CC0029BB73 /* NSUserDefaultsTests.swift in Sources */ = {isa = PBXBuildFile; fileRef = 6DA839A81BCF39CC0029BB73 /* NSUserDefaultsTests.swift */; settings = {ASSET_TAGS = (); }; };
		6DA839AB1BCF3D1D0029BB73 /* NSDateTests.swift in Sources */ = {isa = PBXBuildFile; fileRef = 6DA839AA1BCF3D1D0029BB73 /* NSDateTests.swift */; settings = {ASSET_TAGS = (); }; };
		6DA839AD1BCF4EF60029BB73 /* StringTests.swift in Sources */ = {isa = PBXBuildFile; fileRef = 6DA839AC1BCF4EF60029BB73 /* StringTests.swift */; settings = {ASSET_TAGS = (); }; };
		6DA839AF1BCF6CEA0029BB73 /* UIColorTests.swift in Sources */ = {isa = PBXBuildFile; fileRef = 6DA839AE1BCF6CEA0029BB73 /* UIColorTests.swift */; settings = {ASSET_TAGS = (); }; };
		6DA839B11BCF778C0029BB73 /* UIImageTests.swift in Sources */ = {isa = PBXBuildFile; fileRef = 6DA839B01BCF778C0029BB73 /* UIImageTests.swift */; settings = {ASSET_TAGS = (); }; };
		6DBF23B11BD085D000B980E1 /* UIViewTests.swift in Sources */ = {isa = PBXBuildFile; fileRef = 6DBF23B01BD085D000B980E1 /* UIViewTests.swift */; settings = {ASSET_TAGS = (); }; };
		6DBF23B51BD0B51E00B980E1 /* UIFontTests.swift in Sources */ = {isa = PBXBuildFile; fileRef = 6DBF23B41BD0B51E00B980E1 /* UIFontTests.swift */; settings = {ASSET_TAGS = (); }; };
		6DBF23B71BD0E07A00B980E1 /* SecondViewController.swift in Sources */ = {isa = PBXBuildFile; fileRef = 6DBF23B61BD0E07A00B980E1 /* SecondViewController.swift */; settings = {ASSET_TAGS = (); }; };
		6DBF23B91BD0E61100B980E1 /* ViewControllerTests.swift in Sources */ = {isa = PBXBuildFile; fileRef = 6DBF23B81BD0E61100B980E1 /* ViewControllerTests.swift */; settings = {ASSET_TAGS = (); }; };
		6DBF23BB1BD0E77000B980E1 /* SecondViewControllerTests.swift in Sources */ = {isa = PBXBuildFile; fileRef = 6DBF23BA1BD0E77000B980E1 /* SecondViewControllerTests.swift */; settings = {ASSET_TAGS = (); }; };
		6DBF23BD1BD10B4600B980E1 /* ApiClient.swift in Sources */ = {isa = PBXBuildFile; fileRef = 6DBF23BC1BD10B4600B980E1 /* ApiClient.swift */; settings = {ASSET_TAGS = (); }; };
		6DD4C06D1BCE4959005838F6 /* FunctionTest.swift in Sources */ = {isa = PBXBuildFile; fileRef = 6DD4C06C1BCE4959005838F6 /* FunctionTest.swift */; settings = {ASSET_TAGS = (); }; };
		6DD4C0721BCE5876005838F6 /* ApplicationManagerTests.swift in Sources */ = {isa = PBXBuildFile; fileRef = 6DD4C0711BCE5876005838F6 /* ApplicationManagerTests.swift */; settings = {ASSET_TAGS = (); }; };
		6DE35C321BCCC44700F13E97 /* AppDelegate.swift in Sources */ = {isa = PBXBuildFile; fileRef = 6DE35C311BCCC44700F13E97 /* AppDelegate.swift */; };
		6DE35C341BCCC44700F13E97 /* ViewController.swift in Sources */ = {isa = PBXBuildFile; fileRef = 6DE35C331BCCC44700F13E97 /* ViewController.swift */; };
		6DE35C391BCCC44700F13E97 /* Assets.xcassets in Resources */ = {isa = PBXBuildFile; fileRef = 6DE35C381BCCC44700F13E97 /* Assets.xcassets */; };
		6DE35C471BCCC44700F13E97 /* UINProjectBaseSetTests.swift in Sources */ = {isa = PBXBuildFile; fileRef = 6DE35C461BCCC44700F13E97 /* UINProjectBaseSetTests.swift */; };
		6DE35C521BCCC44700F13E97 /* UINProjectBaseSetUITests.swift in Sources */ = {isa = PBXBuildFile; fileRef = 6DE35C511BCCC44700F13E97 /* UINProjectBaseSetUITests.swift */; };
		6DE35C621BCCC70F00F13E97 /* Main.storyboard in Resources */ = {isa = PBXBuildFile; fileRef = 6DE35C611BCCC70F00F13E97 /* Main.storyboard */; settings = {ASSET_TAGS = (); }; };
		6DE35C641BCCC76000F13E97 /* PBSBaseViewController.swift in Sources */ = {isa = PBXBuildFile; fileRef = 6DE35C631BCCC76000F13E97 /* PBSBaseViewController.swift */; settings = {ASSET_TAGS = (); }; };
		6DE35C661BCCC83800F13E97 /* PBSBaseView.swift in Sources */ = {isa = PBXBuildFile; fileRef = 6DE35C651BCCC83800F13E97 /* PBSBaseView.swift */; settings = {ASSET_TAGS = (); }; };
		6DE35C681BCCCD1F00F13E97 /* SampleCustomView.swift in Sources */ = {isa = PBXBuildFile; fileRef = 6DE35C671BCCCD1F00F13E97 /* SampleCustomView.swift */; settings = {ASSET_TAGS = (); }; };
		6DE35C6A1BCCCD2E00F13E97 /* SampleCustomView.xib in Resources */ = {isa = PBXBuildFile; fileRef = 6DE35C691BCCCD2E00F13E97 /* SampleCustomView.xib */; settings = {ASSET_TAGS = (); }; };
		6DE35C6C1BCCCE4C00F13E97 /* LaunchScreen.storyboard in Resources */ = {isa = PBXBuildFile; fileRef = 6DE35C6B1BCCCE4C00F13E97 /* LaunchScreen.storyboard */; settings = {ASSET_TAGS = (); }; };
		6DE35C8F1BCCDFEB00F13E97 /* InfoPlist.strings in Resources */ = {isa = PBXBuildFile; fileRef = 6DE35C8D1BCCDFEB00F13E97 /* InfoPlist.strings */; settings = {ASSET_TAGS = (); }; };
		6DE35C921BCCDFF600F13E97 /* Localizable.strings in Resources */ = {isa = PBXBuildFile; fileRef = 6DE35C901BCCDFF600F13E97 /* Localizable.strings */; settings = {ASSET_TAGS = (); }; };
		6DE35C971BCCE05700F13E97 /* InfoPlist.strings in Resources */ = {isa = PBXBuildFile; fileRef = 6DE35C931BCCE05700F13E97 /* InfoPlist.strings */; settings = {ASSET_TAGS = (); }; };
		6DE35C981BCCE05700F13E97 /* Localizable.strings in Resources */ = {isa = PBXBuildFile; fileRef = 6DE35C951BCCE05700F13E97 /* Localizable.strings */; settings = {ASSET_TAGS = (); }; };
		6DE35C9E1BCCE08100F13E97 /* InfoPlist.strings in Resources */ = {isa = PBXBuildFile; fileRef = 6DE35C9A1BCCE08100F13E97 /* InfoPlist.strings */; settings = {ASSET_TAGS = (); }; };
		6DE35C9F1BCCE08100F13E97 /* Localizable.strings in Resources */ = {isa = PBXBuildFile; fileRef = 6DE35C9C1BCCE08100F13E97 /* Localizable.strings */; settings = {ASSET_TAGS = (); }; };
		6DE35CA31BCCE43700F13E97 /* NSObject.swift in Sources */ = {isa = PBXBuildFile; fileRef = 6DE35CA21BCCE43700F13E97 /* NSObject.swift */; settings = {ASSET_TAGS = (); }; };
		6DE35CA51BCCE4AB00F13E97 /* NSUserDefaults.swift in Sources */ = {isa = PBXBuildFile; fileRef = 6DE35CA41BCCE4AB00F13E97 /* NSUserDefaults.swift */; settings = {ASSET_TAGS = (); }; };
		6DE35CA71BCCE5B300F13E97 /* NSDate.swift in Sources */ = {isa = PBXBuildFile; fileRef = 6DE35CA61BCCE5B300F13E97 /* NSDate.swift */; settings = {ASSET_TAGS = (); }; };
		6DE35CA91BCCE64100F13E97 /* String.swift in Sources */ = {isa = PBXBuildFile; fileRef = 6DE35CA81BCCE64100F13E97 /* String.swift */; settings = {ASSET_TAGS = (); }; };
		6DE35CAB1BCCE8E500F13E97 /* ApplicationManager.swift in Sources */ = {isa = PBXBuildFile; fileRef = 6DE35CAA1BCCE8E500F13E97 /* ApplicationManager.swift */; settings = {ASSET_TAGS = (); }; };
		6DE35CAD1BCCEC7E00F13E97 /* UIColor.swift in Sources */ = {isa = PBXBuildFile; fileRef = 6DE35CAC1BCCEC7E00F13E97 /* UIColor.swift */; settings = {ASSET_TAGS = (); }; };
		6DE35CB01BCCED3200F13E97 /* Function.swift in Sources */ = {isa = PBXBuildFile; fileRef = 6DE35CAF1BCCED3200F13E97 /* Function.swift */; settings = {ASSET_TAGS = (); }; };
		6DE35CB21BCCEE0400F13E97 /* UIImage.swift in Sources */ = {isa = PBXBuildFile; fileRef = 6DE35CB11BCCEE0400F13E97 /* UIImage.swift */; settings = {ASSET_TAGS = (); }; };
		6DE35CB41BCCEF6100F13E97 /* UILabel.swift in Sources */ = {isa = PBXBuildFile; fileRef = 6DE35CB31BCCEF6100F13E97 /* UILabel.swift */; settings = {ASSET_TAGS = (); }; };
		6DE35CB61BCCF08600F13E97 /* UIScreen.swift in Sources */ = {isa = PBXBuildFile; fileRef = 6DE35CB51BCCF08600F13E97 /* UIScreen.swift */; settings = {ASSET_TAGS = (); }; };
		6DE35CB81BCCF0C400F13E97 /* UITableView.swift in Sources */ = {isa = PBXBuildFile; fileRef = 6DE35CB71BCCF0C400F13E97 /* UITableView.swift */; settings = {ASSET_TAGS = (); }; };
		6DE35CBA1BCCF1A900F13E97 /* UIView.swift in Sources */ = {isa = PBXBuildFile; fileRef = 6DE35CB91BCCF1A900F13E97 /* UIView.swift */; settings = {ASSET_TAGS = (); }; };
		6DE35CBC1BCCF57900F13E97 /* UIFont.swift in Sources */ = {isa = PBXBuildFile; fileRef = 6DE35CBB1BCCF57900F13E97 /* UIFont.swift */; settings = {ASSET_TAGS = (); }; };
		D325224A1D0A47C8A4F48CD1 /* Pods_UINProjectBaseSetTests.framework in Frameworks */ = {isa = PBXBuildFile; fileRef = 0032A7D1A51E487D8E4A913B /* Pods_UINProjectBaseSetTests.framework */; settings = {ATTRIBUTES = (Weak, ); }; };
		F4A12183B37ED3421D6FC8F1 /* Pods_UINProjectBaseSetUITests.framework in Frameworks */ = {isa = PBXBuildFile; fileRef = 41760DFF7E698A5B5C1669FC /* Pods_UINProjectBaseSetUITests.framework */; settings = {ATTRIBUTES = (Weak, ); }; };
/* End PBXBuildFile section */

/* Begin PBXContainerItemProxy section */
		6DE35C431BCCC44700F13E97 /* PBXContainerItemProxy */ = {
			isa = PBXContainerItemProxy;
			containerPortal = 6DE35C261BCCC44700F13E97 /* Project object */;
			proxyType = 1;
			remoteGlobalIDString = 6DE35C2D1BCCC44700F13E97;
			remoteInfo = UINProjectBaseSet;
		};
		6DE35C4E1BCCC44700F13E97 /* PBXContainerItemProxy */ = {
			isa = PBXContainerItemProxy;
			containerPortal = 6DE35C261BCCC44700F13E97 /* Project object */;
			proxyType = 1;
			remoteGlobalIDString = 6DE35C2D1BCCC44700F13E97;
			remoteInfo = UINProjectBaseSet;
		};
/* End PBXContainerItemProxy section */

/* Begin PBXFileReference section */
		0032A7D1A51E487D8E4A913B /* Pods_UINProjectBaseSetTests.framework */ = {isa = PBXFileReference; explicitFileType = wrapper.framework; includeInIndex = 0; path = Pods_UINProjectBaseSetTests.framework; sourceTree = BUILT_PRODUCTS_DIR; };
		038FB9BEE176E55CD3D292A1 /* Pods-UINProjectBaseSetTests.inhouse-dev.xcconfig */ = {isa = PBXFileReference; includeInIndex = 1; lastKnownFileType = text.xcconfig; name = "Pods-UINProjectBaseSetTests.inhouse-dev.xcconfig"; path = "Pods/Target Support Files/Pods-UINProjectBaseSetTests/Pods-UINProjectBaseSetTests.inhouse-dev.xcconfig"; sourceTree = "<group>"; };
		0FA80A6614328562078143E2 /* Pods-UINProjectBaseSet.product.xcconfig */ = {isa = PBXFileReference; includeInIndex = 1; lastKnownFileType = text.xcconfig; name = "Pods-UINProjectBaseSet.product.xcconfig"; path = "Pods/Target Support Files/Pods-UINProjectBaseSet/Pods-UINProjectBaseSet.product.xcconfig"; sourceTree = "<group>"; };
		102F2C658847D4DE0079FB17 /* Pods-UINProjectBaseSetTests.product.xcconfig */ = {isa = PBXFileReference; includeInIndex = 1; lastKnownFileType = text.xcconfig; name = "Pods-UINProjectBaseSetTests.product.xcconfig"; path = "Pods/Target Support Files/Pods-UINProjectBaseSetTests/Pods-UINProjectBaseSetTests.product.xcconfig"; sourceTree = "<group>"; };
		2B854D4117B878292405A7DD /* Pods-UINProjectBaseSetTests.staging.xcconfig */ = {isa = PBXFileReference; includeInIndex = 1; lastKnownFileType = text.xcconfig; name = "Pods-UINProjectBaseSetTests.staging.xcconfig"; path = "Pods/Target Support Files/Pods-UINProjectBaseSetTests/Pods-UINProjectBaseSetTests.staging.xcconfig"; sourceTree = "<group>"; };
		41760DFF7E698A5B5C1669FC /* Pods_UINProjectBaseSetUITests.framework */ = {isa = PBXFileReference; explicitFileType = wrapper.framework; includeInIndex = 0; path = Pods_UINProjectBaseSetUITests.framework; sourceTree = BUILT_PRODUCTS_DIR; };
		57A5EFBDD7DF915099446F8F /* Pods-UINProjectBaseSetUITests.debug.xcconfig */ = {isa = PBXFileReference; includeInIndex = 1; lastKnownFileType = text.xcconfig; name = "Pods-UINProjectBaseSetUITests.debug.xcconfig"; path = "Pods/Target Support Files/Pods-UINProjectBaseSetUITests/Pods-UINProjectBaseSetUITests.debug.xcconfig"; sourceTree = "<group>"; };
		6D13293C1BD4BC3B00728BC8 /* User.swift */ = {isa = PBXFileReference; fileEncoding = 4; lastKnownFileType = sourcecode.swift; path = User.swift; sourceTree = "<group>"; };
		6D1367FA1BCF79EF001D2D67 /* UILabelTests.swift */ = {isa = PBXFileReference; fileEncoding = 4; lastKnownFileType = sourcecode.swift; path = UILabelTests.swift; sourceTree = "<group>"; };
		6D1367FC1BCF82FC001D2D67 /* UIScreenTests.swift */ = {isa = PBXFileReference; fileEncoding = 4; lastKnownFileType = sourcecode.swift; path = UIScreenTests.swift; sourceTree = "<group>"; };
		6D28789C1BCFAB1400842003 /* UITableViewTests.swift */ = {isa = PBXFileReference; fileEncoding = 4; lastKnownFileType = sourcecode.swift; path = UITableViewTests.swift; sourceTree = "<group>"; };
		6DA839A61BCF35B80029BB73 /* NSObjectTests.swift */ = {isa = PBXFileReference; fileEncoding = 4; lastKnownFileType = sourcecode.swift; path = NSObjectTests.swift; sourceTree = "<group>"; };
		6DA839A81BCF39CC0029BB73 /* NSUserDefaultsTests.swift */ = {isa = PBXFileReference; fileEncoding = 4; lastKnownFileType = sourcecode.swift; path = NSUserDefaultsTests.swift; sourceTree = "<group>"; };
		6DA839AA1BCF3D1D0029BB73 /* NSDateTests.swift */ = {isa = PBXFileReference; fileEncoding = 4; lastKnownFileType = sourcecode.swift; path = NSDateTests.swift; sourceTree = "<group>"; };
		6DA839AC1BCF4EF60029BB73 /* StringTests.swift */ = {isa = PBXFileReference; fileEncoding = 4; lastKnownFileType = sourcecode.swift; path = StringTests.swift; sourceTree = "<group>"; };
		6DA839AE1BCF6CEA0029BB73 /* UIColorTests.swift */ = {isa = PBXFileReference; fileEncoding = 4; lastKnownFileType = sourcecode.swift; path = UIColorTests.swift; sourceTree = "<group>"; };
		6DA839B01BCF778C0029BB73 /* UIImageTests.swift */ = {isa = PBXFileReference; fileEncoding = 4; lastKnownFileType = sourcecode.swift; path = UIImageTests.swift; sourceTree = "<group>"; };
		6DBF23B01BD085D000B980E1 /* UIViewTests.swift */ = {isa = PBXFileReference; fileEncoding = 4; lastKnownFileType = sourcecode.swift; path = UIViewTests.swift; sourceTree = "<group>"; };
		6DBF23B41BD0B51E00B980E1 /* UIFontTests.swift */ = {isa = PBXFileReference; fileEncoding = 4; lastKnownFileType = sourcecode.swift; path = UIFontTests.swift; sourceTree = "<group>"; };
		6DBF23B61BD0E07A00B980E1 /* SecondViewController.swift */ = {isa = PBXFileReference; fileEncoding = 4; lastKnownFileType = sourcecode.swift; path = SecondViewController.swift; sourceTree = "<group>"; };
		6DBF23B81BD0E61100B980E1 /* ViewControllerTests.swift */ = {isa = PBXFileReference; fileEncoding = 4; lastKnownFileType = sourcecode.swift; path = ViewControllerTests.swift; sourceTree = "<group>"; };
		6DBF23BA1BD0E77000B980E1 /* SecondViewControllerTests.swift */ = {isa = PBXFileReference; fileEncoding = 4; lastKnownFileType = sourcecode.swift; path = SecondViewControllerTests.swift; sourceTree = "<group>"; };
		6DBF23BC1BD10B4600B980E1 /* ApiClient.swift */ = {isa = PBXFileReference; fileEncoding = 4; lastKnownFileType = sourcecode.swift; path = ApiClient.swift; sourceTree = "<group>"; };
		6DD4C06C1BCE4959005838F6 /* FunctionTest.swift */ = {isa = PBXFileReference; fileEncoding = 4; lastKnownFileType = sourcecode.swift; path = FunctionTest.swift; sourceTree = "<group>"; };
		6DD4C0711BCE5876005838F6 /* ApplicationManagerTests.swift */ = {isa = PBXFileReference; fileEncoding = 4; lastKnownFileType = sourcecode.swift; path = ApplicationManagerTests.swift; sourceTree = "<group>"; };
		6DE35C2E1BCCC44700F13E97 /* UINProjectBaseSet.app */ = {isa = PBXFileReference; explicitFileType = wrapper.application; includeInIndex = 0; path = UINProjectBaseSet.app; sourceTree = BUILT_PRODUCTS_DIR; };
		6DE35C311BCCC44700F13E97 /* AppDelegate.swift */ = {isa = PBXFileReference; lastKnownFileType = sourcecode.swift; path = AppDelegate.swift; sourceTree = "<group>"; };
		6DE35C331BCCC44700F13E97 /* ViewController.swift */ = {isa = PBXFileReference; lastKnownFileType = sourcecode.swift; path = ViewController.swift; sourceTree = "<group>"; };
		6DE35C381BCCC44700F13E97 /* Assets.xcassets */ = {isa = PBXFileReference; lastKnownFileType = folder.assetcatalog; path = Assets.xcassets; sourceTree = "<group>"; };
		6DE35C3D1BCCC44700F13E97 /* Info.plist */ = {isa = PBXFileReference; lastKnownFileType = text.plist.xml; path = Info.plist; sourceTree = "<group>"; };
		6DE35C421BCCC44700F13E97 /* UINProjectBaseSetTests.xctest */ = {isa = PBXFileReference; explicitFileType = wrapper.cfbundle; includeInIndex = 0; path = UINProjectBaseSetTests.xctest; sourceTree = BUILT_PRODUCTS_DIR; };
		6DE35C461BCCC44700F13E97 /* UINProjectBaseSetTests.swift */ = {isa = PBXFileReference; lastKnownFileType = sourcecode.swift; path = UINProjectBaseSetTests.swift; sourceTree = "<group>"; };
		6DE35C481BCCC44700F13E97 /* Info.plist */ = {isa = PBXFileReference; lastKnownFileType = text.plist.xml; path = Info.plist; sourceTree = "<group>"; };
		6DE35C4D1BCCC44700F13E97 /* UINProjectBaseSetUITests.xctest */ = {isa = PBXFileReference; explicitFileType = wrapper.cfbundle; includeInIndex = 0; path = UINProjectBaseSetUITests.xctest; sourceTree = BUILT_PRODUCTS_DIR; };
		6DE35C511BCCC44700F13E97 /* UINProjectBaseSetUITests.swift */ = {isa = PBXFileReference; lastKnownFileType = sourcecode.swift; path = UINProjectBaseSetUITests.swift; sourceTree = "<group>"; };
		6DE35C531BCCC44700F13E97 /* Info.plist */ = {isa = PBXFileReference; lastKnownFileType = text.plist.xml; path = Info.plist; sourceTree = "<group>"; };
		6DE35C611BCCC70F00F13E97 /* Main.storyboard */ = {isa = PBXFileReference; fileEncoding = 4; lastKnownFileType = file.storyboard; name = Main.storyboard; path = UINProjectBaseSet/Classes/Controllers/Main.storyboard; sourceTree = SOURCE_ROOT; };
		6DE35C631BCCC76000F13E97 /* PBSBaseViewController.swift */ = {isa = PBXFileReference; fileEncoding = 4; lastKnownFileType = sourcecode.swift; path = PBSBaseViewController.swift; sourceTree = "<group>"; };
		6DE35C651BCCC83800F13E97 /* PBSBaseView.swift */ = {isa = PBXFileReference; fileEncoding = 4; lastKnownFileType = sourcecode.swift; path = PBSBaseView.swift; sourceTree = "<group>"; };
		6DE35C671BCCCD1F00F13E97 /* SampleCustomView.swift */ = {isa = PBXFileReference; fileEncoding = 4; lastKnownFileType = sourcecode.swift; path = SampleCustomView.swift; sourceTree = "<group>"; };
		6DE35C691BCCCD2E00F13E97 /* SampleCustomView.xib */ = {isa = PBXFileReference; fileEncoding = 4; lastKnownFileType = file.xib; path = SampleCustomView.xib; sourceTree = "<group>"; };
		6DE35C6B1BCCCE4C00F13E97 /* LaunchScreen.storyboard */ = {isa = PBXFileReference; fileEncoding = 4; lastKnownFileType = file.storyboard; path = LaunchScreen.storyboard; sourceTree = "<group>"; };
		6DE35C8E1BCCDFEB00F13E97 /* Base */ = {isa = PBXFileReference; lastKnownFileType = text.plist.strings; name = Base; path = InfoPlist.strings; sourceTree = "<group>"; };
		6DE35C911BCCDFF600F13E97 /* Base */ = {isa = PBXFileReference; lastKnownFileType = text.plist.strings; name = Base; path = Localizable.strings; sourceTree = "<group>"; };
		6DE35C941BCCE05700F13E97 /* en */ = {isa = PBXFileReference; lastKnownFileType = text.plist.strings; name = en; path = InfoPlist.strings; sourceTree = "<group>"; };
		6DE35C961BCCE05700F13E97 /* en */ = {isa = PBXFileReference; lastKnownFileType = text.plist.strings; name = en; path = Localizable.strings; sourceTree = "<group>"; };
		6DE35C9B1BCCE08100F13E97 /* ja */ = {isa = PBXFileReference; lastKnownFileType = text.plist.strings; name = ja; path = InfoPlist.strings; sourceTree = "<group>"; };
		6DE35C9D1BCCE08100F13E97 /* ja */ = {isa = PBXFileReference; lastKnownFileType = text.plist.strings; name = ja; path = Localizable.strings; sourceTree = "<group>"; };
		6DE35CA21BCCE43700F13E97 /* NSObject.swift */ = {isa = PBXFileReference; fileEncoding = 4; lastKnownFileType = sourcecode.swift; path = NSObject.swift; sourceTree = "<group>"; };
		6DE35CA41BCCE4AB00F13E97 /* NSUserDefaults.swift */ = {isa = PBXFileReference; fileEncoding = 4; lastKnownFileType = sourcecode.swift; path = NSUserDefaults.swift; sourceTree = "<group>"; };
		6DE35CA61BCCE5B300F13E97 /* NSDate.swift */ = {isa = PBXFileReference; fileEncoding = 4; lastKnownFileType = sourcecode.swift; path = NSDate.swift; sourceTree = "<group>"; };
		6DE35CA81BCCE64100F13E97 /* String.swift */ = {isa = PBXFileReference; fileEncoding = 4; lastKnownFileType = sourcecode.swift; path = String.swift; sourceTree = "<group>"; };
		6DE35CAA1BCCE8E500F13E97 /* ApplicationManager.swift */ = {isa = PBXFileReference; fileEncoding = 4; lastKnownFileType = sourcecode.swift; path = ApplicationManager.swift; sourceTree = "<group>"; };
		6DE35CAC1BCCEC7E00F13E97 /* UIColor.swift */ = {isa = PBXFileReference; fileEncoding = 4; lastKnownFileType = sourcecode.swift; path = UIColor.swift; sourceTree = "<group>"; };
		6DE35CAF1BCCED3200F13E97 /* Function.swift */ = {isa = PBXFileReference; fileEncoding = 4; lastKnownFileType = sourcecode.swift; path = Function.swift; sourceTree = "<group>"; };
		6DE35CB11BCCEE0400F13E97 /* UIImage.swift */ = {isa = PBXFileReference; fileEncoding = 4; lastKnownFileType = sourcecode.swift; path = UIImage.swift; sourceTree = "<group>"; };
		6DE35CB31BCCEF6100F13E97 /* UILabel.swift */ = {isa = PBXFileReference; fileEncoding = 4; lastKnownFileType = sourcecode.swift; path = UILabel.swift; sourceTree = "<group>"; };
		6DE35CB51BCCF08600F13E97 /* UIScreen.swift */ = {isa = PBXFileReference; fileEncoding = 4; lastKnownFileType = sourcecode.swift; path = UIScreen.swift; sourceTree = "<group>"; };
		6DE35CB71BCCF0C400F13E97 /* UITableView.swift */ = {isa = PBXFileReference; fileEncoding = 4; lastKnownFileType = sourcecode.swift; path = UITableView.swift; sourceTree = "<group>"; };
		6DE35CB91BCCF1A900F13E97 /* UIView.swift */ = {isa = PBXFileReference; fileEncoding = 4; lastKnownFileType = sourcecode.swift; path = UIView.swift; sourceTree = "<group>"; };
		6DE35CBB1BCCF57900F13E97 /* UIFont.swift */ = {isa = PBXFileReference; fileEncoding = 4; lastKnownFileType = sourcecode.swift; path = UIFont.swift; sourceTree = "<group>"; };
		8D52C659A90AEB799AD32ED3 /* Pods-UINProjectBaseSetUITests.staging.xcconfig */ = {isa = PBXFileReference; includeInIndex = 1; lastKnownFileType = text.xcconfig; name = "Pods-UINProjectBaseSetUITests.staging.xcconfig"; path = "Pods/Target Support Files/Pods-UINProjectBaseSetUITests/Pods-UINProjectBaseSetUITests.staging.xcconfig"; sourceTree = "<group>"; };
		930BB2421A2F46718FE753A1 /* Pods-UINProjectBaseSet.inhouse-product.xcconfig */ = {isa = PBXFileReference; includeInIndex = 1; lastKnownFileType = text.xcconfig; name = "Pods-UINProjectBaseSet.inhouse-product.xcconfig"; path = "Pods/Target Support Files/Pods-UINProjectBaseSet/Pods-UINProjectBaseSet.inhouse-product.xcconfig"; sourceTree = "<group>"; };
		93B4393915E431C706E2848B /* Pods-UINProjectBaseSet.inhouse-staging.xcconfig */ = {isa = PBXFileReference; includeInIndex = 1; lastKnownFileType = text.xcconfig; name = "Pods-UINProjectBaseSet.inhouse-staging.xcconfig"; path = "Pods/Target Support Files/Pods-UINProjectBaseSet/Pods-UINProjectBaseSet.inhouse-staging.xcconfig"; sourceTree = "<group>"; };
		A0BEB344C92FB58E0C8D3C49 /* Pods-UINProjectBaseSet.debug.xcconfig */ = {isa = PBXFileReference; includeInIndex = 1; lastKnownFileType = text.xcconfig; name = "Pods-UINProjectBaseSet.debug.xcconfig"; path = "Pods/Target Support Files/Pods-UINProjectBaseSet/Pods-UINProjectBaseSet.debug.xcconfig"; sourceTree = "<group>"; };
		A73B7FC0875EB8E3A8FA4DEC /* Pods-UINProjectBaseSetUITests.dev.xcconfig */ = {isa = PBXFileReference; includeInIndex = 1; lastKnownFileType = text.xcconfig; name = "Pods-UINProjectBaseSetUITests.dev.xcconfig"; path = "Pods/Target Support Files/Pods-UINProjectBaseSetUITests/Pods-UINProjectBaseSetUITests.dev.xcconfig"; sourceTree = "<group>"; };
		B92122743F13E0206B4EFDC9 /* Pods-UINProjectBaseSetUITests.inhouse-product.xcconfig */ = {isa = PBXFileReference; includeInIndex = 1; lastKnownFileType = text.xcconfig; name = "Pods-UINProjectBaseSetUITests.inhouse-product.xcconfig"; path = "Pods/Target Support Files/Pods-UINProjectBaseSetUITests/Pods-UINProjectBaseSetUITests.inhouse-product.xcconfig"; sourceTree = "<group>"; };
		B9BE37587E75B8348787572B /* Pods-UINProjectBaseSetTests.inhouse-product.xcconfig */ = {isa = PBXFileReference; includeInIndex = 1; lastKnownFileType = text.xcconfig; name = "Pods-UINProjectBaseSetTests.inhouse-product.xcconfig"; path = "Pods/Target Support Files/Pods-UINProjectBaseSetTests/Pods-UINProjectBaseSetTests.inhouse-product.xcconfig"; sourceTree = "<group>"; };
		BB78D5AECB4D2D5EC13EBBC3 /* Pods-UINProjectBaseSet.staging.xcconfig */ = {isa = PBXFileReference; includeInIndex = 1; lastKnownFileType = text.xcconfig; name = "Pods-UINProjectBaseSet.staging.xcconfig"; path = "Pods/Target Support Files/Pods-UINProjectBaseSet/Pods-UINProjectBaseSet.staging.xcconfig"; sourceTree = "<group>"; };
		C7F152A8C290DABF0EB942C0 /* Pods-UINProjectBaseSetTests.dev.xcconfig */ = {isa = PBXFileReference; includeInIndex = 1; lastKnownFileType = text.xcconfig; name = "Pods-UINProjectBaseSetTests.dev.xcconfig"; path = "Pods/Target Support Files/Pods-UINProjectBaseSetTests/Pods-UINProjectBaseSetTests.dev.xcconfig"; sourceTree = "<group>"; };
		CEE162009640877B3C5D0A14 /* Pods-UINProjectBaseSetUITests.product.xcconfig */ = {isa = PBXFileReference; includeInIndex = 1; lastKnownFileType = text.xcconfig; name = "Pods-UINProjectBaseSetUITests.product.xcconfig"; path = "Pods/Target Support Files/Pods-UINProjectBaseSetUITests/Pods-UINProjectBaseSetUITests.product.xcconfig"; sourceTree = "<group>"; };
		D442AE82B13B2C7E57FD9AA8 /* Pods-UINProjectBaseSet.dev.xcconfig */ = {isa = PBXFileReference; includeInIndex = 1; lastKnownFileType = text.xcconfig; name = "Pods-UINProjectBaseSet.dev.xcconfig"; path = "Pods/Target Support Files/Pods-UINProjectBaseSet/Pods-UINProjectBaseSet.dev.xcconfig"; sourceTree = "<group>"; };
		D62B938705A8338AA36ECAC6 /* Pods-UINProjectBaseSetTests.inhouse-staging.xcconfig */ = {isa = PBXFileReference; includeInIndex = 1; lastKnownFileType = text.xcconfig; name = "Pods-UINProjectBaseSetTests.inhouse-staging.xcconfig"; path = "Pods/Target Support Files/Pods-UINProjectBaseSetTests/Pods-UINProjectBaseSetTests.inhouse-staging.xcconfig"; sourceTree = "<group>"; };
		DB4CB85DC101D1205FEAD622 /* Pods-UINProjectBaseSet.inhouse-dev.xcconfig */ = {isa = PBXFileReference; includeInIndex = 1; lastKnownFileType = text.xcconfig; name = "Pods-UINProjectBaseSet.inhouse-dev.xcconfig"; path = "Pods/Target Support Files/Pods-UINProjectBaseSet/Pods-UINProjectBaseSet.inhouse-dev.xcconfig"; sourceTree = "<group>"; };
		EB4B96F3F1D86936188F34B7 /* Pods-UINProjectBaseSetUITests.inhouse-staging.xcconfig */ = {isa = PBXFileReference; includeInIndex = 1; lastKnownFileType = text.xcconfig; name = "Pods-UINProjectBaseSetUITests.inhouse-staging.xcconfig"; path = "Pods/Target Support Files/Pods-UINProjectBaseSetUITests/Pods-UINProjectBaseSetUITests.inhouse-staging.xcconfig"; sourceTree = "<group>"; };
		EEF57AEE1A34B659BCBBEE5D /* Pods-UINProjectBaseSetUITests.inhouse-dev.xcconfig */ = {isa = PBXFileReference; includeInIndex = 1; lastKnownFileType = text.xcconfig; name = "Pods-UINProjectBaseSetUITests.inhouse-dev.xcconfig"; path = "Pods/Target Support Files/Pods-UINProjectBaseSetUITests/Pods-UINProjectBaseSetUITests.inhouse-dev.xcconfig"; sourceTree = "<group>"; };
		F8F4E3AB290EE413FBC52CF0 /* Pods-UINProjectBaseSetTests.debug.xcconfig */ = {isa = PBXFileReference; includeInIndex = 1; lastKnownFileType = text.xcconfig; name = "Pods-UINProjectBaseSetTests.debug.xcconfig"; path = "Pods/Target Support Files/Pods-UINProjectBaseSetTests/Pods-UINProjectBaseSetTests.debug.xcconfig"; sourceTree = "<group>"; };
		FE92C71D681A58F6380201EF /* Pods_UINProjectBaseSet.framework */ = {isa = PBXFileReference; explicitFileType = wrapper.framework; includeInIndex = 0; path = Pods_UINProjectBaseSet.framework; sourceTree = BUILT_PRODUCTS_DIR; };
/* End PBXFileReference section */

/* Begin PBXFrameworksBuildPhase section */
		6DE35C2B1BCCC44700F13E97 /* Frameworks */ = {
			isa = PBXFrameworksBuildPhase;
			buildActionMask = 2147483647;
			files = (
				61A6A4A78ADD9644105DE545 /* Pods_UINProjectBaseSet.framework in Frameworks */,
			);
			runOnlyForDeploymentPostprocessing = 0;
		};
		6DE35C3F1BCCC44700F13E97 /* Frameworks */ = {
			isa = PBXFrameworksBuildPhase;
			buildActionMask = 2147483647;
			files = (
				D325224A1D0A47C8A4F48CD1 /* Pods_UINProjectBaseSetTests.framework in Frameworks */,
			);
			runOnlyForDeploymentPostprocessing = 0;
		};
		6DE35C4A1BCCC44700F13E97 /* Frameworks */ = {
			isa = PBXFrameworksBuildPhase;
			buildActionMask = 2147483647;
			files = (
				F4A12183B37ED3421D6FC8F1 /* Pods_UINProjectBaseSetUITests.framework in Frameworks */,
			);
			runOnlyForDeploymentPostprocessing = 0;
		};
/* End PBXFrameworksBuildPhase section */

/* Begin PBXGroup section */
		6DA839A51BCF35620029BB73 /* Extensions */ = {
			isa = PBXGroup;
			children = (
				6DA839A61BCF35B80029BB73 /* NSObjectTests.swift */,
				6DA839A81BCF39CC0029BB73 /* NSUserDefaultsTests.swift */,
				6DA839AA1BCF3D1D0029BB73 /* NSDateTests.swift */,
				6DA839AC1BCF4EF60029BB73 /* StringTests.swift */,
				6DA839AE1BCF6CEA0029BB73 /* UIColorTests.swift */,
				6DA839B01BCF778C0029BB73 /* UIImageTests.swift */,
				6D1367FA1BCF79EF001D2D67 /* UILabelTests.swift */,
				6D1367FC1BCF82FC001D2D67 /* UIScreenTests.swift */,
				6D28789C1BCFAB1400842003 /* UITableViewTests.swift */,
				6DBF23B01BD085D000B980E1 /* UIViewTests.swift */,
				6DBF23B41BD0B51E00B980E1 /* UIFontTests.swift */,
			);
			path = Extensions;
			sourceTree = "<group>";
		};
		6DD4C06B1BCE4888005838F6 /* Utils */ = {
			isa = PBXGroup;
			children = (
				6DD4C06C1BCE4959005838F6 /* FunctionTest.swift */,
			);
			path = Utils;
			sourceTree = "<group>";
		};
		6DD4C06E1BCE5800005838F6 /* Models */ = {
			isa = PBXGroup;
			children = (
				6DD4C0711BCE5876005838F6 /* ApplicationManagerTests.swift */,
			);
			path = Models;
			sourceTree = "<group>";
		};
		6DE35C251BCCC44700F13E97 = {
			isa = PBXGroup;
			children = (
				6DE35C301BCCC44700F13E97 /* UINProjectBaseSet */,
				6DE35C451BCCC44700F13E97 /* UINProjectBaseSetTests */,
				6DE35C501BCCC44700F13E97 /* UINProjectBaseSetUITests */,
				6DE35C2F1BCCC44700F13E97 /* Products */,
				71259F020CDBDC417A0967AB /* Pods */,
				A5EB141B93D26B5220D57697 /* Frameworks */,
			);
			sourceTree = "<group>";
		};
		6DE35C2F1BCCC44700F13E97 /* Products */ = {
			isa = PBXGroup;
			children = (
				6DE35C2E1BCCC44700F13E97 /* UINProjectBaseSet.app */,
				6DE35C421BCCC44700F13E97 /* UINProjectBaseSetTests.xctest */,
				6DE35C4D1BCCC44700F13E97 /* UINProjectBaseSetUITests.xctest */,
			);
			name = Products;
			sourceTree = "<group>";
		};
		6DE35C301BCCC44700F13E97 /* UINProjectBaseSet */ = {
			isa = PBXGroup;
			children = (
				6DE35C711BCCD3C700F13E97 /* Resources */,
				6DE35C5F1BCCC5EC00F13E97 /* Classes */,
				6DE35C381BCCC44700F13E97 /* Assets.xcassets */,
				6DE35C3D1BCCC44700F13E97 /* Info.plist */,
				6DE35C6B1BCCCE4C00F13E97 /* LaunchScreen.storyboard */,
			);
			path = UINProjectBaseSet;
			sourceTree = "<group>";
		};
		6DE35C451BCCC44700F13E97 /* UINProjectBaseSetTests */ = {
			isa = PBXGroup;
			children = (
				6DA839A51BCF35620029BB73 /* Extensions */,
				6DD4C06B1BCE4888005838F6 /* Utils */,
				6DD4C06E1BCE5800005838F6 /* Models */,
				6DE35C461BCCC44700F13E97 /* UINProjectBaseSetTests.swift */,
				6DE35C481BCCC44700F13E97 /* Info.plist */,
			);
			path = UINProjectBaseSetTests;
			sourceTree = "<group>";
		};
		6DE35C501BCCC44700F13E97 /* UINProjectBaseSetUITests */ = {
			isa = PBXGroup;
			children = (
				6DE35C511BCCC44700F13E97 /* UINProjectBaseSetUITests.swift */,
				6DE35C531BCCC44700F13E97 /* Info.plist */,
				6DBF23B81BD0E61100B980E1 /* ViewControllerTests.swift */,
				6DBF23BA1BD0E77000B980E1 /* SecondViewControllerTests.swift */,
			);
			path = UINProjectBaseSetUITests;
			sourceTree = "<group>";
		};
		6DE35C5F1BCCC5EC00F13E97 /* Classes */ = {
			isa = PBXGroup;
			children = (
				6DE35CAE1BCCED2500F13E97 /* Utils */,
				6DE35C701BCCD2CE00F13E97 /* Models */,
				6DE35C6F1BCCD2B000F13E97 /* Extensions */,
				6DE35C6E1BCCD25B00F13E97 /* Controllers */,
				6DE35C6D1BCCD24D00F13E97 /* Views */,
				6DE35C601BCCC6A700F13E97 /* Base */,
				6DE35C311BCCC44700F13E97 /* AppDelegate.swift */,
			);
			path = Classes;
			sourceTree = "<group>";
		};
		6DE35C601BCCC6A700F13E97 /* Base */ = {
			isa = PBXGroup;
			children = (
				6DE35C631BCCC76000F13E97 /* PBSBaseViewController.swift */,
				6DE35C651BCCC83800F13E97 /* PBSBaseView.swift */,
			);
			path = Base;
			sourceTree = "<group>";
		};
		6DE35C6D1BCCD24D00F13E97 /* Views */ = {
			isa = PBXGroup;
			children = (
				6DE35C671BCCCD1F00F13E97 /* SampleCustomView.swift */,
				6DE35C691BCCCD2E00F13E97 /* SampleCustomView.xib */,
			);
			path = Views;
			sourceTree = "<group>";
		};
		6DE35C6E1BCCD25B00F13E97 /* Controllers */ = {
			isa = PBXGroup;
			children = (
				6DE35C331BCCC44700F13E97 /* ViewController.swift */,
				6DE35C611BCCC70F00F13E97 /* Main.storyboard */,
				6DBF23B61BD0E07A00B980E1 /* SecondViewController.swift */,
			);
			path = Controllers;
			sourceTree = "<group>";
		};
		6DE35C6F1BCCD2B000F13E97 /* Extensions */ = {
			isa = PBXGroup;
			children = (
				6DE35CA21BCCE43700F13E97 /* NSObject.swift */,
				6DE35CA41BCCE4AB00F13E97 /* NSUserDefaults.swift */,
				6DE35CA61BCCE5B300F13E97 /* NSDate.swift */,
				6DE35CA81BCCE64100F13E97 /* String.swift */,
				6DE35CAC1BCCEC7E00F13E97 /* UIColor.swift */,
				6DE35CB11BCCEE0400F13E97 /* UIImage.swift */,
				6DE35CB31BCCEF6100F13E97 /* UILabel.swift */,
				6DE35CB51BCCF08600F13E97 /* UIScreen.swift */,
				6DE35CB71BCCF0C400F13E97 /* UITableView.swift */,
				6DE35CB91BCCF1A900F13E97 /* UIView.swift */,
				6DE35CBB1BCCF57900F13E97 /* UIFont.swift */,
			);
			path = Extensions;
			sourceTree = "<group>";
		};
		6DE35C701BCCD2CE00F13E97 /* Models */ = {
			isa = PBXGroup;
			children = (
				6DE35CAA1BCCE8E500F13E97 /* ApplicationManager.swift */,
				6DBF23BC1BD10B4600B980E1 /* ApiClient.swift */,
				6D13293C1BD4BC3B00728BC8 /* User.swift */,
			);
			path = Models;
			sourceTree = "<group>";
		};
		6DE35C711BCCD3C700F13E97 /* Resources */ = {
			isa = PBXGroup;
			children = (
				6DE35C731BCCD41800F13E97 /* Text */,
			);
			path = Resources;
			sourceTree = "<group>";
		};
		6DE35C721BCCD40600F13E97 /* en.lproj */ = {
			isa = PBXGroup;
			children = (
				6DE35C931BCCE05700F13E97 /* InfoPlist.strings */,
				6DE35C951BCCE05700F13E97 /* Localizable.strings */,
			);
			path = en.lproj;
			sourceTree = "<group>";
		};
		6DE35C731BCCD41800F13E97 /* Text */ = {
			isa = PBXGroup;
			children = (
				6DE35C991BCCE06300F13E97 /* ja.lproj */,
				6DE35C801BCCDCE200F13E97 /* Base.lproj */,
				6DE35C721BCCD40600F13E97 /* en.lproj */,
			);
			path = Text;
			sourceTree = "<group>";
		};
		6DE35C801BCCDCE200F13E97 /* Base.lproj */ = {
			isa = PBXGroup;
			children = (
				6DE35C8D1BCCDFEB00F13E97 /* InfoPlist.strings */,
				6DE35C901BCCDFF600F13E97 /* Localizable.strings */,
			);
			path = Base.lproj;
			sourceTree = "<group>";
		};
		6DE35C991BCCE06300F13E97 /* ja.lproj */ = {
			isa = PBXGroup;
			children = (
				6DE35C9A1BCCE08100F13E97 /* InfoPlist.strings */,
				6DE35C9C1BCCE08100F13E97 /* Localizable.strings */,
			);
			path = ja.lproj;
			sourceTree = "<group>";
		};
		6DE35CAE1BCCED2500F13E97 /* Utils */ = {
			isa = PBXGroup;
			children = (
				6DE35CAF1BCCED3200F13E97 /* Function.swift */,
			);
			path = Utils;
			sourceTree = "<group>";
		};
		71259F020CDBDC417A0967AB /* Pods */ = {
			isa = PBXGroup;
			children = (
				A0BEB344C92FB58E0C8D3C49 /* Pods-UINProjectBaseSet.debug.xcconfig */,
				D442AE82B13B2C7E57FD9AA8 /* Pods-UINProjectBaseSet.dev.xcconfig */,
				BB78D5AECB4D2D5EC13EBBC3 /* Pods-UINProjectBaseSet.staging.xcconfig */,
				0FA80A6614328562078143E2 /* Pods-UINProjectBaseSet.product.xcconfig */,
				DB4CB85DC101D1205FEAD622 /* Pods-UINProjectBaseSet.inhouse-dev.xcconfig */,
				93B4393915E431C706E2848B /* Pods-UINProjectBaseSet.inhouse-staging.xcconfig */,
				930BB2421A2F46718FE753A1 /* Pods-UINProjectBaseSet.inhouse-product.xcconfig */,
				F8F4E3AB290EE413FBC52CF0 /* Pods-UINProjectBaseSetTests.debug.xcconfig */,
				C7F152A8C290DABF0EB942C0 /* Pods-UINProjectBaseSetTests.dev.xcconfig */,
				2B854D4117B878292405A7DD /* Pods-UINProjectBaseSetTests.staging.xcconfig */,
				102F2C658847D4DE0079FB17 /* Pods-UINProjectBaseSetTests.product.xcconfig */,
				038FB9BEE176E55CD3D292A1 /* Pods-UINProjectBaseSetTests.inhouse-dev.xcconfig */,
				D62B938705A8338AA36ECAC6 /* Pods-UINProjectBaseSetTests.inhouse-staging.xcconfig */,
				B9BE37587E75B8348787572B /* Pods-UINProjectBaseSetTests.inhouse-product.xcconfig */,
				57A5EFBDD7DF915099446F8F /* Pods-UINProjectBaseSetUITests.debug.xcconfig */,
				A73B7FC0875EB8E3A8FA4DEC /* Pods-UINProjectBaseSetUITests.dev.xcconfig */,
				8D52C659A90AEB799AD32ED3 /* Pods-UINProjectBaseSetUITests.staging.xcconfig */,
				CEE162009640877B3C5D0A14 /* Pods-UINProjectBaseSetUITests.product.xcconfig */,
				EEF57AEE1A34B659BCBBEE5D /* Pods-UINProjectBaseSetUITests.inhouse-dev.xcconfig */,
				EB4B96F3F1D86936188F34B7 /* Pods-UINProjectBaseSetUITests.inhouse-staging.xcconfig */,
				B92122743F13E0206B4EFDC9 /* Pods-UINProjectBaseSetUITests.inhouse-product.xcconfig */,
			);
			name = Pods;
			sourceTree = "<group>";
		};
		A5EB141B93D26B5220D57697 /* Frameworks */ = {
			isa = PBXGroup;
			children = (
				FE92C71D681A58F6380201EF /* Pods_UINProjectBaseSet.framework */,
				0032A7D1A51E487D8E4A913B /* Pods_UINProjectBaseSetTests.framework */,
				41760DFF7E698A5B5C1669FC /* Pods_UINProjectBaseSetUITests.framework */,
			);
			name = Frameworks;
			sourceTree = "<group>";
		};
/* End PBXGroup section */

/* Begin PBXNativeTarget section */
		6DE35C2D1BCCC44700F13E97 /* UINProjectBaseSet */ = {
			isa = PBXNativeTarget;
			buildConfigurationList = 6DE35C561BCCC44700F13E97 /* Build configuration list for PBXNativeTarget "UINProjectBaseSet" */;
			buildPhases = (
				B5685A1A7C2FFB44FF619CD7 /* Check Pods Manifest.lock */,
				6DE35C2A1BCCC44700F13E97 /* Sources */,
				6DE35C2B1BCCC44700F13E97 /* Frameworks */,
				6DE35C2C1BCCC44700F13E97 /* Resources */,
				CF930108D61E67A54B53F97C /* Embed Pods Frameworks */,
				763053F3C120B3A4CE9A22A8 /* Copy Pods Resources */,
			);
			buildRules = (
			);
			dependencies = (
			);
			name = UINProjectBaseSet;
			productName = UINProjectBaseSet;
			productReference = 6DE35C2E1BCCC44700F13E97 /* UINProjectBaseSet.app */;
			productType = "com.apple.product-type.application";
		};
		6DE35C411BCCC44700F13E97 /* UINProjectBaseSetTests */ = {
			isa = PBXNativeTarget;
			buildConfigurationList = 6DE35C591BCCC44700F13E97 /* Build configuration list for PBXNativeTarget "UINProjectBaseSetTests" */;
			buildPhases = (
				89760AFD10079F7D119FBD76 /* Check Pods Manifest.lock */,
				6DE35C3E1BCCC44700F13E97 /* Sources */,
				6DE35C3F1BCCC44700F13E97 /* Frameworks */,
				6DE35C401BCCC44700F13E97 /* Resources */,
				759D52DB636AA244E95E0716 /* Embed Pods Frameworks */,
				D5FF1C86199FBF8434A22FC0 /* Copy Pods Resources */,
			);
			buildRules = (
			);
			dependencies = (
				6DE35C441BCCC44700F13E97 /* PBXTargetDependency */,
			);
			name = UINProjectBaseSetTests;
			productName = UINProjectBaseSetTests;
			productReference = 6DE35C421BCCC44700F13E97 /* UINProjectBaseSetTests.xctest */;
			productType = "com.apple.product-type.bundle.unit-test";
		};
		6DE35C4C1BCCC44700F13E97 /* UINProjectBaseSetUITests */ = {
			isa = PBXNativeTarget;
			buildConfigurationList = 6DE35C5C1BCCC44700F13E97 /* Build configuration list for PBXNativeTarget "UINProjectBaseSetUITests" */;
			buildPhases = (
				90E3C961485630BF8044079B /* Check Pods Manifest.lock */,
				6DE35C491BCCC44700F13E97 /* Sources */,
				6DE35C4A1BCCC44700F13E97 /* Frameworks */,
				6DE35C4B1BCCC44700F13E97 /* Resources */,
				B3E36645107545A3FA185D1F /* Copy Pods Resources */,
			);
			buildRules = (
			);
			dependencies = (
				6DE35C4F1BCCC44700F13E97 /* PBXTargetDependency */,
			);
			name = UINProjectBaseSetUITests;
			productName = UINProjectBaseSetUITests;
			productReference = 6DE35C4D1BCCC44700F13E97 /* UINProjectBaseSetUITests.xctest */;
			productType = "com.apple.product-type.bundle.ui-testing";
		};
/* End PBXNativeTarget section */

/* Begin PBXProject section */
		6DE35C261BCCC44700F13E97 /* Project object */ = {
			isa = PBXProject;
			attributes = {
				LastUpgradeCheck = 0700;
				ORGANIZATIONNAME = yu_tanaka;
				TargetAttributes = {
					6DE35C2D1BCCC44700F13E97 = {
						CreatedOnToolsVersion = 7.0.1;
					};
					6DE35C411BCCC44700F13E97 = {
						CreatedOnToolsVersion = 7.0.1;
						TestTargetID = 6DE35C2D1BCCC44700F13E97;
					};
					6DE35C4C1BCCC44700F13E97 = {
						CreatedOnToolsVersion = 7.0.1;
						TestTargetID = 6DE35C2D1BCCC44700F13E97;
					};
				};
			};
			buildConfigurationList = 6DE35C291BCCC44700F13E97 /* Build configuration list for PBXProject "UINProjectBaseSet" */;
			compatibilityVersion = "Xcode 3.2";
			developmentRegion = English;
			hasScannedForEncodings = 0;
			knownRegions = (
				base,
				ja,
				Base,
				en,
			);
			mainGroup = 6DE35C251BCCC44700F13E97;
			productRefGroup = 6DE35C2F1BCCC44700F13E97 /* Products */;
			projectDirPath = "";
			projectRoot = "";
			targets = (
				6DE35C2D1BCCC44700F13E97 /* UINProjectBaseSet */,
				6DE35C411BCCC44700F13E97 /* UINProjectBaseSetTests */,
				6DE35C4C1BCCC44700F13E97 /* UINProjectBaseSetUITests */,
			);
		};
/* End PBXProject section */

/* Begin PBXResourcesBuildPhase section */
		6DE35C2C1BCCC44700F13E97 /* Resources */ = {
			isa = PBXResourcesBuildPhase;
			buildActionMask = 2147483647;
			files = (
				6DE35C621BCCC70F00F13E97 /* Main.storyboard in Resources */,
				6DE35C971BCCE05700F13E97 /* InfoPlist.strings in Resources */,
				6DE35C921BCCDFF600F13E97 /* Localizable.strings in Resources */,
				6DE35C6C1BCCCE4C00F13E97 /* LaunchScreen.storyboard in Resources */,
				6DE35C6A1BCCCD2E00F13E97 /* SampleCustomView.xib in Resources */,
				6DE35C9F1BCCE08100F13E97 /* Localizable.strings in Resources */,
				6DE35C981BCCE05700F13E97 /* Localizable.strings in Resources */,
				6DE35C391BCCC44700F13E97 /* Assets.xcassets in Resources */,
				6DE35C9E1BCCE08100F13E97 /* InfoPlist.strings in Resources */,
				6DE35C8F1BCCDFEB00F13E97 /* InfoPlist.strings in Resources */,
			);
			runOnlyForDeploymentPostprocessing = 0;
		};
		6DE35C401BCCC44700F13E97 /* Resources */ = {
			isa = PBXResourcesBuildPhase;
			buildActionMask = 2147483647;
			files = (
			);
			runOnlyForDeploymentPostprocessing = 0;
		};
		6DE35C4B1BCCC44700F13E97 /* Resources */ = {
			isa = PBXResourcesBuildPhase;
			buildActionMask = 2147483647;
			files = (
			);
			runOnlyForDeploymentPostprocessing = 0;
		};
/* End PBXResourcesBuildPhase section */

/* Begin PBXShellScriptBuildPhase section */
		759D52DB636AA244E95E0716 /* Embed Pods Frameworks */ = {
			isa = PBXShellScriptBuildPhase;
			buildActionMask = 2147483647;
			files = (
			);
			inputPaths = (
			);
			name = "Embed Pods Frameworks";
			outputPaths = (
			);
			runOnlyForDeploymentPostprocessing = 0;
			shellPath = /bin/sh;
			shellScript = "\"${SRCROOT}/Pods/Target Support Files/Pods-UINProjectBaseSetTests/Pods-UINProjectBaseSetTests-frameworks.sh\"\n";
			showEnvVarsInLog = 0;
		};
		763053F3C120B3A4CE9A22A8 /* Copy Pods Resources */ = {
			isa = PBXShellScriptBuildPhase;
			buildActionMask = 2147483647;
			files = (
			);
			inputPaths = (
			);
			name = "Copy Pods Resources";
			outputPaths = (
			);
			runOnlyForDeploymentPostprocessing = 0;
			shellPath = /bin/sh;
			shellScript = "\"${SRCROOT}/Pods/Target Support Files/Pods-UINProjectBaseSet/Pods-UINProjectBaseSet-resources.sh\"\n";
			showEnvVarsInLog = 0;
		};
		89760AFD10079F7D119FBD76 /* Check Pods Manifest.lock */ = {
			isa = PBXShellScriptBuildPhase;
			buildActionMask = 2147483647;
			files = (
			);
			inputPaths = (
			);
			name = "Check Pods Manifest.lock";
			outputPaths = (
			);
			runOnlyForDeploymentPostprocessing = 0;
			shellPath = /bin/sh;
			shellScript = "diff \"${PODS_ROOT}/../Podfile.lock\" \"${PODS_ROOT}/Manifest.lock\" > /dev/null\nif [[ $? != 0 ]] ; then\n    cat << EOM\nerror: The sandbox is not in sync with the Podfile.lock. Run 'pod install' or update your CocoaPods installation.\nEOM\n    exit 1\nfi\n";
			showEnvVarsInLog = 0;
		};
		90E3C961485630BF8044079B /* Check Pods Manifest.lock */ = {
			isa = PBXShellScriptBuildPhase;
			buildActionMask = 2147483647;
			files = (
			);
			inputPaths = (
			);
			name = "Check Pods Manifest.lock";
			outputPaths = (
			);
			runOnlyForDeploymentPostprocessing = 0;
			shellPath = /bin/sh;
			shellScript = "diff \"${PODS_ROOT}/../Podfile.lock\" \"${PODS_ROOT}/Manifest.lock\" > /dev/null\nif [[ $? != 0 ]] ; then\n    cat << EOM\nerror: The sandbox is not in sync with the Podfile.lock. Run 'pod install' or update your CocoaPods installation.\nEOM\n    exit 1\nfi\n";
			showEnvVarsInLog = 0;
		};
		B3E36645107545A3FA185D1F /* Copy Pods Resources */ = {
			isa = PBXShellScriptBuildPhase;
			buildActionMask = 2147483647;
			files = (
			);
			inputPaths = (
			);
			name = "Copy Pods Resources";
			outputPaths = (
			);
			runOnlyForDeploymentPostprocessing = 0;
			shellPath = /bin/sh;
			shellScript = "\"${SRCROOT}/Pods/Target Support Files/Pods-UINProjectBaseSetUITests/Pods-UINProjectBaseSetUITests-resources.sh\"\n";
			showEnvVarsInLog = 0;
		};
		B5685A1A7C2FFB44FF619CD7 /* Check Pods Manifest.lock */ = {
			isa = PBXShellScriptBuildPhase;
			buildActionMask = 2147483647;
			files = (
			);
			inputPaths = (
			);
			name = "Check Pods Manifest.lock";
			outputPaths = (
			);
			runOnlyForDeploymentPostprocessing = 0;
			shellPath = /bin/sh;
			shellScript = "diff \"${PODS_ROOT}/../Podfile.lock\" \"${PODS_ROOT}/Manifest.lock\" > /dev/null\nif [[ $? != 0 ]] ; then\n    cat << EOM\nerror: The sandbox is not in sync with the Podfile.lock. Run 'pod install' or update your CocoaPods installation.\nEOM\n    exit 1\nfi\n";
			showEnvVarsInLog = 0;
		};
		CF930108D61E67A54B53F97C /* Embed Pods Frameworks */ = {
			isa = PBXShellScriptBuildPhase;
			buildActionMask = 2147483647;
			files = (
			);
			inputPaths = (
			);
			name = "Embed Pods Frameworks";
			outputPaths = (
			);
			runOnlyForDeploymentPostprocessing = 0;
			shellPath = /bin/sh;
			shellScript = "\"${SRCROOT}/Pods/Target Support Files/Pods-UINProjectBaseSet/Pods-UINProjectBaseSet-frameworks.sh\"\n";
			showEnvVarsInLog = 0;
		};
		D5FF1C86199FBF8434A22FC0 /* Copy Pods Resources */ = {
			isa = PBXShellScriptBuildPhase;
			buildActionMask = 2147483647;
			files = (
			);
			inputPaths = (
			);
			name = "Copy Pods Resources";
			outputPaths = (
			);
			runOnlyForDeploymentPostprocessing = 0;
			shellPath = /bin/sh;
			shellScript = "\"${SRCROOT}/Pods/Target Support Files/Pods-UINProjectBaseSetTests/Pods-UINProjectBaseSetTests-resources.sh\"\n";
			showEnvVarsInLog = 0;
		};
/* End PBXShellScriptBuildPhase section */

/* Begin PBXSourcesBuildPhase section */
		6DE35C2A1BCCC44700F13E97 /* Sources */ = {
			isa = PBXSourcesBuildPhase;
			buildActionMask = 2147483647;
			files = (
				6DE35C681BCCCD1F00F13E97 /* SampleCustomView.swift in Sources */,
				6DE35C341BCCC44700F13E97 /* ViewController.swift in Sources */,
				6DE35CB41BCCEF6100F13E97 /* UILabel.swift in Sources */,
				6DBF23BD1BD10B4600B980E1 /* ApiClient.swift in Sources */,
				6DBF23B71BD0E07A00B980E1 /* SecondViewController.swift in Sources */,
				6DE35CAB1BCCE8E500F13E97 /* ApplicationManager.swift in Sources */,
				6DE35CB61BCCF08600F13E97 /* UIScreen.swift in Sources */,
				6DE35CB01BCCED3200F13E97 /* Function.swift in Sources */,
				6DE35C641BCCC76000F13E97 /* PBSBaseViewController.swift in Sources */,
				6DE35CA91BCCE64100F13E97 /* String.swift in Sources */,
				6DE35CBC1BCCF57900F13E97 /* UIFont.swift in Sources */,
				6DE35CA31BCCE43700F13E97 /* NSObject.swift in Sources */,
				6DE35C321BCCC44700F13E97 /* AppDelegate.swift in Sources */,
				6DE35CAD1BCCEC7E00F13E97 /* UIColor.swift in Sources */,
				6DE35CA51BCCE4AB00F13E97 /* NSUserDefaults.swift in Sources */,
				6DE35CA71BCCE5B300F13E97 /* NSDate.swift in Sources */,
				6DE35CBA1BCCF1A900F13E97 /* UIView.swift in Sources */,
				6DE35CB81BCCF0C400F13E97 /* UITableView.swift in Sources */,
				6DE35CB21BCCEE0400F13E97 /* UIImage.swift in Sources */,
				6DE35C661BCCC83800F13E97 /* PBSBaseView.swift in Sources */,
				6D13293D1BD4BC3B00728BC8 /* User.swift in Sources */,
			);
			runOnlyForDeploymentPostprocessing = 0;
		};
		6DE35C3E1BCCC44700F13E97 /* Sources */ = {
			isa = PBXSourcesBuildPhase;
			buildActionMask = 2147483647;
			files = (
				6DA839AB1BCF3D1D0029BB73 /* NSDateTests.swift in Sources */,
				6DA839A91BCF39CC0029BB73 /* NSUserDefaultsTests.swift in Sources */,
				6DBF23B11BD085D000B980E1 /* UIViewTests.swift in Sources */,
				6DD4C0721BCE5876005838F6 /* ApplicationManagerTests.swift in Sources */,
				6DA839AD1BCF4EF60029BB73 /* StringTests.swift in Sources */,
				6DA839A71BCF35B80029BB73 /* NSObjectTests.swift in Sources */,
				6DA839AF1BCF6CEA0029BB73 /* UIColorTests.swift in Sources */,
				6D1367FB1BCF79EF001D2D67 /* UILabelTests.swift in Sources */,
				6D1367FD1BCF82FC001D2D67 /* UIScreenTests.swift in Sources */,
				6DE35C471BCCC44700F13E97 /* UINProjectBaseSetTests.swift in Sources */,
				6D28789D1BCFAB1400842003 /* UITableViewTests.swift in Sources */,
				6DD4C06D1BCE4959005838F6 /* FunctionTest.swift in Sources */,
				6DBF23B51BD0B51E00B980E1 /* UIFontTests.swift in Sources */,
				6DA839B11BCF778C0029BB73 /* UIImageTests.swift in Sources */,
			);
			runOnlyForDeploymentPostprocessing = 0;
		};
		6DE35C491BCCC44700F13E97 /* Sources */ = {
			isa = PBXSourcesBuildPhase;
			buildActionMask = 2147483647;
			files = (
				6DBF23B91BD0E61100B980E1 /* ViewControllerTests.swift in Sources */,
				6DE35C521BCCC44700F13E97 /* UINProjectBaseSetUITests.swift in Sources */,
				6DBF23BB1BD0E77000B980E1 /* SecondViewControllerTests.swift in Sources */,
			);
			runOnlyForDeploymentPostprocessing = 0;
		};
/* End PBXSourcesBuildPhase section */

/* Begin PBXTargetDependency section */
		6DE35C441BCCC44700F13E97 /* PBXTargetDependency */ = {
			isa = PBXTargetDependency;
			target = 6DE35C2D1BCCC44700F13E97 /* UINProjectBaseSet */;
			targetProxy = 6DE35C431BCCC44700F13E97 /* PBXContainerItemProxy */;
		};
		6DE35C4F1BCCC44700F13E97 /* PBXTargetDependency */ = {
			isa = PBXTargetDependency;
			target = 6DE35C2D1BCCC44700F13E97 /* UINProjectBaseSet */;
			targetProxy = 6DE35C4E1BCCC44700F13E97 /* PBXContainerItemProxy */;
		};
/* End PBXTargetDependency section */

/* Begin PBXVariantGroup section */
		6DE35C8D1BCCDFEB00F13E97 /* InfoPlist.strings */ = {
			isa = PBXVariantGroup;
			children = (
				6DE35C8E1BCCDFEB00F13E97 /* Base */,
			);
			name = InfoPlist.strings;
			sourceTree = "<group>";
		};
		6DE35C901BCCDFF600F13E97 /* Localizable.strings */ = {
			isa = PBXVariantGroup;
			children = (
				6DE35C911BCCDFF600F13E97 /* Base */,
			);
			name = Localizable.strings;
			sourceTree = "<group>";
		};
		6DE35C931BCCE05700F13E97 /* InfoPlist.strings */ = {
			isa = PBXVariantGroup;
			children = (
				6DE35C941BCCE05700F13E97 /* en */,
			);
			name = InfoPlist.strings;
			sourceTree = "<group>";
		};
		6DE35C951BCCE05700F13E97 /* Localizable.strings */ = {
			isa = PBXVariantGroup;
			children = (
				6DE35C961BCCE05700F13E97 /* en */,
			);
			name = Localizable.strings;
			sourceTree = "<group>";
		};
		6DE35C9A1BCCE08100F13E97 /* InfoPlist.strings */ = {
			isa = PBXVariantGroup;
			children = (
				6DE35C9B1BCCE08100F13E97 /* ja */,
			);
			name = InfoPlist.strings;
			sourceTree = "<group>";
		};
		6DE35C9C1BCCE08100F13E97 /* Localizable.strings */ = {
			isa = PBXVariantGroup;
			children = (
				6DE35C9D1BCCE08100F13E97 /* ja */,
			);
			name = Localizable.strings;
			sourceTree = "<group>";
		};
/* End PBXVariantGroup section */

/* Begin XCBuildConfiguration section */
		6DD4C0571BCE2DDA005838F6 /* Staging */ = {
			isa = XCBuildConfiguration;
			buildSettings = {
				ALWAYS_SEARCH_USER_PATHS = NO;
				CLANG_CXX_LANGUAGE_STANDARD = "gnu++0x";
				CLANG_CXX_LIBRARY = "libc++";
				CLANG_ENABLE_MODULES = YES;
				CLANG_ENABLE_OBJC_ARC = YES;
				CLANG_WARN_BOOL_CONVERSION = YES;
				CLANG_WARN_CONSTANT_CONVERSION = YES;
				CLANG_WARN_DIRECT_OBJC_ISA_USAGE = YES_ERROR;
				CLANG_WARN_EMPTY_BODY = YES;
				CLANG_WARN_ENUM_CONVERSION = YES;
				CLANG_WARN_INT_CONVERSION = YES;
				CLANG_WARN_OBJC_ROOT_CLASS = YES_ERROR;
				CLANG_WARN_UNREACHABLE_CODE = YES;
				CLANG_WARN__DUPLICATE_METHOD_MATCH = YES;
				"CODE_SIGN_IDENTITY[sdk=iphoneos*]" = "iPhone Developer";
				COPY_PHASE_STRIP = NO;
				DEBUG_INFORMATION_FORMAT = "dwarf-with-dsym";
				ENABLE_BITCODE = NO;
				ENABLE_NS_ASSERTIONS = NO;
				ENABLE_STRICT_OBJC_MSGSEND = YES;
				ENABLE_TESTABILITY = NO;
				GCC_C_LANGUAGE_STANDARD = gnu99;
				GCC_DYNAMIC_NO_PIC = NO;
				GCC_NO_COMMON_BLOCKS = YES;
				GCC_OPTIMIZATION_LEVEL = s;
				GCC_PREPROCESSOR_DEFINITIONS = "";
				GCC_WARN_64_TO_32_BIT_CONVERSION = YES;
				GCC_WARN_ABOUT_RETURN_TYPE = YES_ERROR;
				GCC_WARN_UNDECLARED_SELECTOR = YES;
				GCC_WARN_UNINITIALIZED_AUTOS = YES_AGGRESSIVE;
				GCC_WARN_UNUSED_FUNCTION = YES;
				GCC_WARN_UNUSED_VARIABLE = YES;
				IPHONEOS_DEPLOYMENT_TARGET = 8.0;
				MTL_ENABLE_DEBUG_INFO = NO;
				ONLY_ACTIVE_ARCH = NO;
				SDKROOT = iphoneos;
				SWIFT_OPTIMIZATION_LEVEL = "-O";
				TARGETED_DEVICE_FAMILY = "1,2";
				VALIDATE_PRODUCT = YES;
			};
			name = Staging;
		};
		6DD4C0581BCE2DDA005838F6 /* Staging */ = {
			isa = XCBuildConfiguration;
			baseConfigurationReference = BB78D5AECB4D2D5EC13EBBC3 /* Pods-UINProjectBaseSet.staging.xcconfig */;
			buildSettings = {
				API_HOST = "stg-api";
				ASSETCATALOG_COMPILER_APPICON_NAME = AppIcon;
				BUNDLE_IDENTIFER_SUFFIX = ProjectBundleNameStaging;
				BUNDLE_NAME_SUFFIX = ProjectNameStaging;
				FRAMEWORK_SEARCH_PATHS = (
					"$(inherited)",
					"$(PROJECT_DIR)/build/Debug-iphoneos",
				);
				INFOPLIST_FILE = UINProjectBaseSet/Info.plist;
				LD_RUNPATH_SEARCH_PATHS = "$(inherited) @executable_path/Frameworks";
				PRODUCT_BUNDLE_IDENTIFIER = com.uin010.UINProjectBaseSet;
				PRODUCT_NAME = "$(TARGET_NAME)";
			};
			name = Staging;
		};
		6DD4C0591BCE2DDA005838F6 /* Staging */ = {
			isa = XCBuildConfiguration;
			baseConfigurationReference = 2B854D4117B878292405A7DD /* Pods-UINProjectBaseSetTests.staging.xcconfig */;
			buildSettings = {
				BUNDLE_LOADER = "$(TEST_HOST)";
				INFOPLIST_FILE = UINProjectBaseSetTests/Info.plist;
				LD_RUNPATH_SEARCH_PATHS = "$(inherited) @executable_path/Frameworks @loader_path/Frameworks";
				PRODUCT_BUNDLE_IDENTIFIER = com.uin010.UINProjectBaseSetTests;
				PRODUCT_NAME = "$(TARGET_NAME)";
				TEST_HOST = "$(BUILT_PRODUCTS_DIR)/UINProjectBaseSet.app/UINProjectBaseSet";
			};
			name = Staging;
		};
		6DD4C05A1BCE2DDA005838F6 /* Staging */ = {
			isa = XCBuildConfiguration;
			baseConfigurationReference = 8D52C659A90AEB799AD32ED3 /* Pods-UINProjectBaseSetUITests.staging.xcconfig */;
			buildSettings = {
				INFOPLIST_FILE = UINProjectBaseSetUITests/Info.plist;
				LD_RUNPATH_SEARCH_PATHS = "$(inherited) @executable_path/Frameworks @loader_path/Frameworks";
				PRODUCT_BUNDLE_IDENTIFIER = com.uin010.UINProjectBaseSetUITests;
				PRODUCT_NAME = "$(TARGET_NAME)";
				TEST_TARGET_NAME = UINProjectBaseSet;
				USES_XCTRUNNER = YES;
			};
			name = Staging;
		};
		6DD4C05B1BCE2E20005838F6 /* Dev */ = {
			isa = XCBuildConfiguration;
			buildSettings = {
				ALWAYS_SEARCH_USER_PATHS = NO;
				CLANG_CXX_LANGUAGE_STANDARD = "gnu++0x";
				CLANG_CXX_LIBRARY = "libc++";
				CLANG_ENABLE_MODULES = YES;
				CLANG_ENABLE_OBJC_ARC = YES;
				CLANG_WARN_BOOL_CONVERSION = YES;
				CLANG_WARN_CONSTANT_CONVERSION = YES;
				CLANG_WARN_DIRECT_OBJC_ISA_USAGE = YES_ERROR;
				CLANG_WARN_EMPTY_BODY = YES;
				CLANG_WARN_ENUM_CONVERSION = YES;
				CLANG_WARN_INT_CONVERSION = YES;
				CLANG_WARN_OBJC_ROOT_CLASS = YES_ERROR;
				CLANG_WARN_UNREACHABLE_CODE = YES;
				CLANG_WARN__DUPLICATE_METHOD_MATCH = YES;
				"CODE_SIGN_IDENTITY[sdk=iphoneos*]" = "iPhone Developer";
				COPY_PHASE_STRIP = NO;
				DEBUG_INFORMATION_FORMAT = dwarf;
				ENABLE_BITCODE = NO;
				ENABLE_STRICT_OBJC_MSGSEND = YES;
				ENABLE_TESTABILITY = YES;
				GCC_C_LANGUAGE_STANDARD = gnu99;
				GCC_DYNAMIC_NO_PIC = NO;
				GCC_NO_COMMON_BLOCKS = YES;
				GCC_OPTIMIZATION_LEVEL = 0;
				GCC_PREPROCESSOR_DEFINITIONS = (
					"DEBUG=1",
					"$(inherited)",
				);
				GCC_WARN_64_TO_32_BIT_CONVERSION = YES;
				GCC_WARN_ABOUT_RETURN_TYPE = YES_ERROR;
				GCC_WARN_UNDECLARED_SELECTOR = YES;
				GCC_WARN_UNINITIALIZED_AUTOS = YES_AGGRESSIVE;
				GCC_WARN_UNUSED_FUNCTION = YES;
				GCC_WARN_UNUSED_VARIABLE = YES;
				IPHONEOS_DEPLOYMENT_TARGET = 8.0;
				MTL_ENABLE_DEBUG_INFO = YES;
				ONLY_ACTIVE_ARCH = YES;
				SDKROOT = iphoneos;
				SWIFT_OPTIMIZATION_LEVEL = "-Onone";
				TARGETED_DEVICE_FAMILY = "1,2";
			};
			name = Dev;
		};
		6DD4C05C1BCE2E20005838F6 /* Dev */ = {
			isa = XCBuildConfiguration;
			baseConfigurationReference = D442AE82B13B2C7E57FD9AA8 /* Pods-UINProjectBaseSet.dev.xcconfig */;
			buildSettings = {
				API_HOST = "dev-api";
				ASSETCATALOG_COMPILER_APPICON_NAME = AppIcon;
				BUNDLE_IDENTIFER_SUFFIX = ProjectBundleNameDev;
				BUNDLE_NAME_SUFFIX = ProjectNameDev;
				FRAMEWORK_SEARCH_PATHS = (
					"$(inherited)",
					"$(PROJECT_DIR)/build/Debug-iphoneos",
				);
				INFOPLIST_FILE = UINProjectBaseSet/Info.plist;
				LD_RUNPATH_SEARCH_PATHS = "$(inherited) @executable_path/Frameworks";
				OTHER_SWIFT_FLAGS = "$(inherited) -D DEBUG";
				PRODUCT_BUNDLE_IDENTIFIER = com.uin010.UINProjectBaseSet;
				PRODUCT_NAME = "$(TARGET_NAME)";
			};
			name = Dev;
		};
		6DD4C05D1BCE2E20005838F6 /* Dev */ = {
			isa = XCBuildConfiguration;
			baseConfigurationReference = C7F152A8C290DABF0EB942C0 /* Pods-UINProjectBaseSetTests.dev.xcconfig */;
			buildSettings = {
				BUNDLE_LOADER = "$(TEST_HOST)";
				INFOPLIST_FILE = UINProjectBaseSetTests/Info.plist;
				LD_RUNPATH_SEARCH_PATHS = "$(inherited) @executable_path/Frameworks @loader_path/Frameworks";
				PRODUCT_BUNDLE_IDENTIFIER = com.uin010.UINProjectBaseSetTests;
				PRODUCT_NAME = "$(TARGET_NAME)";
				TEST_HOST = "$(BUILT_PRODUCTS_DIR)/UINProjectBaseSet.app/UINProjectBaseSet";
			};
			name = Dev;
		};
		6DD4C05E1BCE2E20005838F6 /* Dev */ = {
			isa = XCBuildConfiguration;
			baseConfigurationReference = A73B7FC0875EB8E3A8FA4DEC /* Pods-UINProjectBaseSetUITests.dev.xcconfig */;
			buildSettings = {
				INFOPLIST_FILE = UINProjectBaseSetUITests/Info.plist;
				LD_RUNPATH_SEARCH_PATHS = "$(inherited) @executable_path/Frameworks @loader_path/Frameworks";
				PRODUCT_BUNDLE_IDENTIFIER = com.uin010.UINProjectBaseSetUITests;
				PRODUCT_NAME = "$(TARGET_NAME)";
				TEST_TARGET_NAME = UINProjectBaseSet;
				USES_XCTRUNNER = YES;
			};
			name = Dev;
		};
		6DD4C05F1BCE2E30005838F6 /* InHouse-Dev */ = {
			isa = XCBuildConfiguration;
			buildSettings = {
				ALWAYS_SEARCH_USER_PATHS = NO;
				CLANG_CXX_LANGUAGE_STANDARD = "gnu++0x";
				CLANG_CXX_LIBRARY = "libc++";
				CLANG_ENABLE_MODULES = YES;
				CLANG_ENABLE_OBJC_ARC = YES;
				CLANG_WARN_BOOL_CONVERSION = YES;
				CLANG_WARN_CONSTANT_CONVERSION = YES;
				CLANG_WARN_DIRECT_OBJC_ISA_USAGE = YES_ERROR;
				CLANG_WARN_EMPTY_BODY = YES;
				CLANG_WARN_ENUM_CONVERSION = YES;
				CLANG_WARN_INT_CONVERSION = YES;
				CLANG_WARN_OBJC_ROOT_CLASS = YES_ERROR;
				CLANG_WARN_UNREACHABLE_CODE = YES;
				CLANG_WARN__DUPLICATE_METHOD_MATCH = YES;
				"CODE_SIGN_IDENTITY[sdk=iphoneos*]" = "iPhone Developer";
				COPY_PHASE_STRIP = NO;
				DEBUG_INFORMATION_FORMAT = dwarf;
				ENABLE_BITCODE = NO;
				ENABLE_NS_ASSERTIONS = YES;
				ENABLE_STRICT_OBJC_MSGSEND = YES;
				ENABLE_TESTABILITY = YES;
				GCC_C_LANGUAGE_STANDARD = gnu99;
				GCC_NO_COMMON_BLOCKS = YES;
				GCC_OPTIMIZATION_LEVEL = 0;
				GCC_PREPROCESSOR_DEFINITIONS = "DEBUG=1";
				GCC_WARN_64_TO_32_BIT_CONVERSION = YES;
				GCC_WARN_ABOUT_RETURN_TYPE = YES_ERROR;
				GCC_WARN_UNDECLARED_SELECTOR = YES;
				GCC_WARN_UNINITIALIZED_AUTOS = YES_AGGRESSIVE;
				GCC_WARN_UNUSED_FUNCTION = YES;
				GCC_WARN_UNUSED_VARIABLE = YES;
				IPHONEOS_DEPLOYMENT_TARGET = 8.0;
				MTL_ENABLE_DEBUG_INFO = YES;
				ONLY_ACTIVE_ARCH = YES;
				SDKROOT = iphoneos;
				SWIFT_OPTIMIZATION_LEVEL = "-Onone";
				TARGETED_DEVICE_FAMILY = "1,2";
				VALIDATE_PRODUCT = NO;
			};
			name = "InHouse-Dev";
		};
		6DD4C0601BCE2E30005838F6 /* InHouse-Dev */ = {
			isa = XCBuildConfiguration;
			baseConfigurationReference = DB4CB85DC101D1205FEAD622 /* Pods-UINProjectBaseSet.inhouse-dev.xcconfig */;
			buildSettings = {
				API_HOST = "dev-api";
				ASSETCATALOG_COMPILER_APPICON_NAME = AppIcon;
				BUNDLE_IDENTIFER_SUFFIX = ProjectBundleNameDev;
				BUNDLE_NAME_SUFFIX = ProjectNameDev;
				FRAMEWORK_SEARCH_PATHS = (
					"$(inherited)",
					"$(PROJECT_DIR)/build/Debug-iphoneos",
				);
				INFOPLIST_FILE = UINProjectBaseSet/Info.plist;
				LD_RUNPATH_SEARCH_PATHS = "$(inherited) @executable_path/Frameworks";
				OTHER_SWIFT_FLAGS = "$(inherited) -D DEBUG";
				PRODUCT_BUNDLE_IDENTIFIER = com.uin010.UINProjectBaseSet;
				PRODUCT_NAME = "$(TARGET_NAME)";
			};
			name = "InHouse-Dev";
		};
		6DD4C0611BCE2E30005838F6 /* InHouse-Dev */ = {
			isa = XCBuildConfiguration;
			baseConfigurationReference = 038FB9BEE176E55CD3D292A1 /* Pods-UINProjectBaseSetTests.inhouse-dev.xcconfig */;
			buildSettings = {
				BUNDLE_LOADER = "$(TEST_HOST)";
				INFOPLIST_FILE = UINProjectBaseSetTests/Info.plist;
				LD_RUNPATH_SEARCH_PATHS = "$(inherited) @executable_path/Frameworks @loader_path/Frameworks";
				PRODUCT_BUNDLE_IDENTIFIER = com.uin010.UINProjectBaseSetTests;
				PRODUCT_NAME = "$(TARGET_NAME)";
				TEST_HOST = "$(BUILT_PRODUCTS_DIR)/UINProjectBaseSet.app/UINProjectBaseSet";
			};
			name = "InHouse-Dev";
		};
		6DD4C0621BCE2E30005838F6 /* InHouse-Dev */ = {
			isa = XCBuildConfiguration;
			baseConfigurationReference = EEF57AEE1A34B659BCBBEE5D /* Pods-UINProjectBaseSetUITests.inhouse-dev.xcconfig */;
			buildSettings = {
				INFOPLIST_FILE = UINProjectBaseSetUITests/Info.plist;
				LD_RUNPATH_SEARCH_PATHS = "$(inherited) @executable_path/Frameworks @loader_path/Frameworks";
				PRODUCT_BUNDLE_IDENTIFIER = com.uin010.UINProjectBaseSetUITests;
				PRODUCT_NAME = "$(TARGET_NAME)";
				TEST_TARGET_NAME = UINProjectBaseSet;
				USES_XCTRUNNER = YES;
			};
			name = "InHouse-Dev";
		};
		6DD4C0631BCE2E3B005838F6 /* InHouse-Staging */ = {
			isa = XCBuildConfiguration;
			buildSettings = {
				ALWAYS_SEARCH_USER_PATHS = NO;
				CLANG_CXX_LANGUAGE_STANDARD = "gnu++0x";
				CLANG_CXX_LIBRARY = "libc++";
				CLANG_ENABLE_MODULES = YES;
				CLANG_ENABLE_OBJC_ARC = YES;
				CLANG_WARN_BOOL_CONVERSION = YES;
				CLANG_WARN_CONSTANT_CONVERSION = YES;
				CLANG_WARN_DIRECT_OBJC_ISA_USAGE = YES_ERROR;
				CLANG_WARN_EMPTY_BODY = YES;
				CLANG_WARN_ENUM_CONVERSION = YES;
				CLANG_WARN_INT_CONVERSION = YES;
				CLANG_WARN_OBJC_ROOT_CLASS = YES_ERROR;
				CLANG_WARN_UNREACHABLE_CODE = YES;
				CLANG_WARN__DUPLICATE_METHOD_MATCH = YES;
				"CODE_SIGN_IDENTITY[sdk=iphoneos*]" = "iPhone Developer";
				COPY_PHASE_STRIP = NO;
				DEBUG_INFORMATION_FORMAT = "dwarf-with-dsym";
				ENABLE_BITCODE = NO;
				ENABLE_NS_ASSERTIONS = NO;
				ENABLE_STRICT_OBJC_MSGSEND = YES;
				GCC_C_LANGUAGE_STANDARD = gnu99;
				GCC_NO_COMMON_BLOCKS = YES;
				GCC_WARN_64_TO_32_BIT_CONVERSION = YES;
				GCC_WARN_ABOUT_RETURN_TYPE = YES_ERROR;
				GCC_WARN_UNDECLARED_SELECTOR = YES;
				GCC_WARN_UNINITIALIZED_AUTOS = YES_AGGRESSIVE;
				GCC_WARN_UNUSED_FUNCTION = YES;
				GCC_WARN_UNUSED_VARIABLE = YES;
				IPHONEOS_DEPLOYMENT_TARGET = 8.0;
				MTL_ENABLE_DEBUG_INFO = NO;
				SDKROOT = iphoneos;
				TARGETED_DEVICE_FAMILY = "1,2";
				VALIDATE_PRODUCT = YES;
			};
			name = "InHouse-Staging";
		};
		6DD4C0641BCE2E3B005838F6 /* InHouse-Staging */ = {
			isa = XCBuildConfiguration;
			baseConfigurationReference = 93B4393915E431C706E2848B /* Pods-UINProjectBaseSet.inhouse-staging.xcconfig */;
			buildSettings = {
				API_HOST = "stg-api";
				ASSETCATALOG_COMPILER_APPICON_NAME = AppIcon;
				BUNDLE_IDENTIFER_SUFFIX = ProjectBundleNameStaging;
				BUNDLE_NAME_SUFFIX = ProjectNameStaging;
				FRAMEWORK_SEARCH_PATHS = (
					"$(inherited)",
					"$(PROJECT_DIR)/build/Debug-iphoneos",
				);
				INFOPLIST_FILE = UINProjectBaseSet/Info.plist;
				LD_RUNPATH_SEARCH_PATHS = "$(inherited) @executable_path/Frameworks";
				PRODUCT_BUNDLE_IDENTIFIER = com.uin010.UINProjectBaseSet;
				PRODUCT_NAME = "$(TARGET_NAME)";
			};
			name = "InHouse-Staging";
		};
		6DD4C0651BCE2E3B005838F6 /* InHouse-Staging */ = {
			isa = XCBuildConfiguration;
			baseConfigurationReference = D62B938705A8338AA36ECAC6 /* Pods-UINProjectBaseSetTests.inhouse-staging.xcconfig */;
			buildSettings = {
				BUNDLE_LOADER = "$(TEST_HOST)";
				INFOPLIST_FILE = UINProjectBaseSetTests/Info.plist;
				LD_RUNPATH_SEARCH_PATHS = "$(inherited) @executable_path/Frameworks @loader_path/Frameworks";
				PRODUCT_BUNDLE_IDENTIFIER = com.uin010.UINProjectBaseSetTests;
				PRODUCT_NAME = "$(TARGET_NAME)";
				TEST_HOST = "$(BUILT_PRODUCTS_DIR)/UINProjectBaseSet.app/UINProjectBaseSet";
			};
			name = "InHouse-Staging";
		};
		6DD4C0661BCE2E3B005838F6 /* InHouse-Staging */ = {
			isa = XCBuildConfiguration;
			baseConfigurationReference = EB4B96F3F1D86936188F34B7 /* Pods-UINProjectBaseSetUITests.inhouse-staging.xcconfig */;
			buildSettings = {
				INFOPLIST_FILE = UINProjectBaseSetUITests/Info.plist;
				LD_RUNPATH_SEARCH_PATHS = "$(inherited) @executable_path/Frameworks @loader_path/Frameworks";
				PRODUCT_BUNDLE_IDENTIFIER = com.uin010.UINProjectBaseSetUITests;
				PRODUCT_NAME = "$(TARGET_NAME)";
				TEST_TARGET_NAME = UINProjectBaseSet;
				USES_XCTRUNNER = YES;
			};
			name = "InHouse-Staging";
		};
		6DD4C0671BCE2E45005838F6 /* InHouse-Product */ = {
			isa = XCBuildConfiguration;
			buildSettings = {
				ALWAYS_SEARCH_USER_PATHS = NO;
				CLANG_CXX_LANGUAGE_STANDARD = "gnu++0x";
				CLANG_CXX_LIBRARY = "libc++";
				CLANG_ENABLE_MODULES = YES;
				CLANG_ENABLE_OBJC_ARC = YES;
				CLANG_WARN_BOOL_CONVERSION = YES;
				CLANG_WARN_CONSTANT_CONVERSION = YES;
				CLANG_WARN_DIRECT_OBJC_ISA_USAGE = YES_ERROR;
				CLANG_WARN_EMPTY_BODY = YES;
				CLANG_WARN_ENUM_CONVERSION = YES;
				CLANG_WARN_INT_CONVERSION = YES;
				CLANG_WARN_OBJC_ROOT_CLASS = YES_ERROR;
				CLANG_WARN_UNREACHABLE_CODE = YES;
				CLANG_WARN__DUPLICATE_METHOD_MATCH = YES;
				"CODE_SIGN_IDENTITY[sdk=iphoneos*]" = "iPhone Developer";
				COPY_PHASE_STRIP = NO;
				DEBUG_INFORMATION_FORMAT = "dwarf-with-dsym";
				ENABLE_BITCODE = NO;
				ENABLE_NS_ASSERTIONS = NO;
				ENABLE_STRICT_OBJC_MSGSEND = YES;
				GCC_C_LANGUAGE_STANDARD = gnu99;
				GCC_NO_COMMON_BLOCKS = YES;
				GCC_WARN_64_TO_32_BIT_CONVERSION = YES;
				GCC_WARN_ABOUT_RETURN_TYPE = YES_ERROR;
				GCC_WARN_UNDECLARED_SELECTOR = YES;
				GCC_WARN_UNINITIALIZED_AUTOS = YES_AGGRESSIVE;
				GCC_WARN_UNUSED_FUNCTION = YES;
				GCC_WARN_UNUSED_VARIABLE = YES;
				IPHONEOS_DEPLOYMENT_TARGET = 8.0;
				MTL_ENABLE_DEBUG_INFO = NO;
				SDKROOT = iphoneos;
				TARGETED_DEVICE_FAMILY = "1,2";
				VALIDATE_PRODUCT = YES;
			};
			name = "InHouse-Product";
		};
		6DD4C0681BCE2E45005838F6 /* InHouse-Product */ = {
			isa = XCBuildConfiguration;
			baseConfigurationReference = 930BB2421A2F46718FE753A1 /* Pods-UINProjectBaseSet.inhouse-product.xcconfig */;
			buildSettings = {
				API_HOST = api;
				ASSETCATALOG_COMPILER_APPICON_NAME = AppIcon;
				BUNDLE_IDENTIFER_SUFFIX = ProjectBundleName;
				BUNDLE_NAME_SUFFIX = ProjectName;
				FRAMEWORK_SEARCH_PATHS = (
					"$(inherited)",
					"$(PROJECT_DIR)/build/Debug-iphoneos",
				);
				INFOPLIST_FILE = UINProjectBaseSet/Info.plist;
				LD_RUNPATH_SEARCH_PATHS = "$(inherited) @executable_path/Frameworks";
				PRODUCT_BUNDLE_IDENTIFIER = com.uin010.UINProjectBaseSet;
				PRODUCT_NAME = "$(TARGET_NAME)";
			};
			name = "InHouse-Product";
		};
		6DD4C0691BCE2E45005838F6 /* InHouse-Product */ = {
			isa = XCBuildConfiguration;
			baseConfigurationReference = B9BE37587E75B8348787572B /* Pods-UINProjectBaseSetTests.inhouse-product.xcconfig */;
			buildSettings = {
				BUNDLE_LOADER = "$(TEST_HOST)";
				INFOPLIST_FILE = UINProjectBaseSetTests/Info.plist;
				LD_RUNPATH_SEARCH_PATHS = "$(inherited) @executable_path/Frameworks @loader_path/Frameworks";
				PRODUCT_BUNDLE_IDENTIFIER = com.uin010.UINProjectBaseSetTests;
				PRODUCT_NAME = "$(TARGET_NAME)";
				TEST_HOST = "$(BUILT_PRODUCTS_DIR)/UINProjectBaseSet.app/UINProjectBaseSet";
			};
			name = "InHouse-Product";
		};
		6DD4C06A1BCE2E45005838F6 /* InHouse-Product */ = {
			isa = XCBuildConfiguration;
			baseConfigurationReference = B92122743F13E0206B4EFDC9 /* Pods-UINProjectBaseSetUITests.inhouse-product.xcconfig */;
			buildSettings = {
				INFOPLIST_FILE = UINProjectBaseSetUITests/Info.plist;
				LD_RUNPATH_SEARCH_PATHS = "$(inherited) @executable_path/Frameworks @loader_path/Frameworks";
				PRODUCT_BUNDLE_IDENTIFIER = com.uin010.UINProjectBaseSetUITests;
				PRODUCT_NAME = "$(TARGET_NAME)";
				TEST_TARGET_NAME = UINProjectBaseSet;
				USES_XCTRUNNER = YES;
			};
			name = "InHouse-Product";
		};
		6DE35C541BCCC44700F13E97 /* Debug */ = {
			isa = XCBuildConfiguration;
			buildSettings = {
				ALWAYS_SEARCH_USER_PATHS = NO;
				CLANG_CXX_LANGUAGE_STANDARD = "gnu++0x";
				CLANG_CXX_LIBRARY = "libc++";
				CLANG_ENABLE_MODULES = YES;
				CLANG_ENABLE_OBJC_ARC = YES;
				CLANG_WARN_BOOL_CONVERSION = YES;
				CLANG_WARN_CONSTANT_CONVERSION = YES;
				CLANG_WARN_DIRECT_OBJC_ISA_USAGE = YES_ERROR;
				CLANG_WARN_EMPTY_BODY = YES;
				CLANG_WARN_ENUM_CONVERSION = YES;
				CLANG_WARN_INT_CONVERSION = YES;
				CLANG_WARN_OBJC_ROOT_CLASS = YES_ERROR;
				CLANG_WARN_UNREACHABLE_CODE = YES;
				CLANG_WARN__DUPLICATE_METHOD_MATCH = YES;
				"CODE_SIGN_IDENTITY[sdk=iphoneos*]" = "iPhone Developer";
				COPY_PHASE_STRIP = NO;
				DEBUG_INFORMATION_FORMAT = dwarf;
				ENABLE_BITCODE = NO;
				ENABLE_STRICT_OBJC_MSGSEND = YES;
				ENABLE_TESTABILITY = YES;
				GCC_C_LANGUAGE_STANDARD = gnu99;
				GCC_DYNAMIC_NO_PIC = NO;
				GCC_NO_COMMON_BLOCKS = YES;
				GCC_OPTIMIZATION_LEVEL = 0;
				GCC_PREPROCESSOR_DEFINITIONS = (
					"DEBUG=1",
					"$(inherited)",
				);
				GCC_WARN_64_TO_32_BIT_CONVERSION = YES;
				GCC_WARN_ABOUT_RETURN_TYPE = YES_ERROR;
				GCC_WARN_UNDECLARED_SELECTOR = YES;
				GCC_WARN_UNINITIALIZED_AUTOS = YES_AGGRESSIVE;
				GCC_WARN_UNUSED_FUNCTION = YES;
				GCC_WARN_UNUSED_VARIABLE = YES;
				IPHONEOS_DEPLOYMENT_TARGET = 8.0;
				MTL_ENABLE_DEBUG_INFO = YES;
				ONLY_ACTIVE_ARCH = YES;
				SDKROOT = iphoneos;
				SWIFT_OPTIMIZATION_LEVEL = "-Onone";
				TARGETED_DEVICE_FAMILY = "1,2";
			};
			name = Debug;
		};
		6DE35C551BCCC44700F13E97 /* Product */ = {
			isa = XCBuildConfiguration;
			buildSettings = {
				ALWAYS_SEARCH_USER_PATHS = NO;
				CLANG_CXX_LANGUAGE_STANDARD = "gnu++0x";
				CLANG_CXX_LIBRARY = "libc++";
				CLANG_ENABLE_MODULES = YES;
				CLANG_ENABLE_OBJC_ARC = YES;
				CLANG_WARN_BOOL_CONVERSION = YES;
				CLANG_WARN_CONSTANT_CONVERSION = YES;
				CLANG_WARN_DIRECT_OBJC_ISA_USAGE = YES_ERROR;
				CLANG_WARN_EMPTY_BODY = YES;
				CLANG_WARN_ENUM_CONVERSION = YES;
				CLANG_WARN_INT_CONVERSION = YES;
				CLANG_WARN_OBJC_ROOT_CLASS = YES_ERROR;
				CLANG_WARN_UNREACHABLE_CODE = YES;
				CLANG_WARN__DUPLICATE_METHOD_MATCH = YES;
				"CODE_SIGN_IDENTITY[sdk=iphoneos*]" = "iPhone Developer";
				COPY_PHASE_STRIP = NO;
				DEBUG_INFORMATION_FORMAT = "dwarf-with-dsym";
				ENABLE_BITCODE = NO;
				ENABLE_NS_ASSERTIONS = NO;
				ENABLE_STRICT_OBJC_MSGSEND = YES;
				GCC_C_LANGUAGE_STANDARD = gnu99;
				GCC_NO_COMMON_BLOCKS = YES;
				GCC_WARN_64_TO_32_BIT_CONVERSION = YES;
				GCC_WARN_ABOUT_RETURN_TYPE = YES_ERROR;
				GCC_WARN_UNDECLARED_SELECTOR = YES;
				GCC_WARN_UNINITIALIZED_AUTOS = YES_AGGRESSIVE;
				GCC_WARN_UNUSED_FUNCTION = YES;
				GCC_WARN_UNUSED_VARIABLE = YES;
				IPHONEOS_DEPLOYMENT_TARGET = 8.0;
				MTL_ENABLE_DEBUG_INFO = NO;
				SDKROOT = iphoneos;
				TARGETED_DEVICE_FAMILY = "1,2";
				VALIDATE_PRODUCT = YES;
			};
			name = Product;
		};
		6DE35C571BCCC44700F13E97 /* Debug */ = {
			isa = XCBuildConfiguration;
			baseConfigurationReference = A0BEB344C92FB58E0C8D3C49 /* Pods-UINProjectBaseSet.debug.xcconfig */;
			buildSettings = {
				API_HOST = "debug-api";
				ASSETCATALOG_COMPILER_APPICON_NAME = AppIcon;
				BUNDLE_IDENTIFER_SUFFIX = ProjectBundleNameDebug;
				BUNDLE_NAME_SUFFIX = ProjectNameDebug;
				FRAMEWORK_SEARCH_PATHS = (
					"$(inherited)",
					"$(PROJECT_DIR)/build/Debug-iphoneos",
				);
				INFOPLIST_FILE = UINProjectBaseSet/Info.plist;
				LD_RUNPATH_SEARCH_PATHS = "$(inherited) @executable_path/Frameworks";
				OTHER_SWIFT_FLAGS = "$(inherited) -D DEBUG";
				PRODUCT_BUNDLE_IDENTIFIER = com.uin010.UINProjectBaseSet;
				PRODUCT_NAME = "$(TARGET_NAME)";
			};
			name = Debug;
		};
		6DE35C581BCCC44700F13E97 /* Product */ = {
			isa = XCBuildConfiguration;
			baseConfigurationReference = 0FA80A6614328562078143E2 /* Pods-UINProjectBaseSet.product.xcconfig */;
			buildSettings = {
				API_HOST = api;
				ASSETCATALOG_COMPILER_APPICON_NAME = AppIcon;
				BUNDLE_IDENTIFER_SUFFIX = ProjectBundleName;
				BUNDLE_NAME_SUFFIX = ProjectName;
				FRAMEWORK_SEARCH_PATHS = (
					"$(inherited)",
					"$(PROJECT_DIR)/build/Debug-iphoneos",
				);
				INFOPLIST_FILE = UINProjectBaseSet/Info.plist;
				LD_RUNPATH_SEARCH_PATHS = "$(inherited) @executable_path/Frameworks";
				PRODUCT_BUNDLE_IDENTIFIER = com.uin010.UINProjectBaseSet;
				PRODUCT_NAME = "$(TARGET_NAME)";
			};
			name = Product;
		};
		6DE35C5A1BCCC44700F13E97 /* Debug */ = {
			isa = XCBuildConfiguration;
			baseConfigurationReference = F8F4E3AB290EE413FBC52CF0 /* Pods-UINProjectBaseSetTests.debug.xcconfig */;
			buildSettings = {
				BUNDLE_LOADER = "$(TEST_HOST)";
				INFOPLIST_FILE = UINProjectBaseSetTests/Info.plist;
				LD_RUNPATH_SEARCH_PATHS = "$(inherited) @executable_path/Frameworks @loader_path/Frameworks";
				PRODUCT_BUNDLE_IDENTIFIER = com.uin010.UINProjectBaseSetTests;
				PRODUCT_NAME = "$(TARGET_NAME)";
				TEST_HOST = "$(BUILT_PRODUCTS_DIR)/UINProjectBaseSet.app/UINProjectBaseSet";
			};
			name = Debug;
		};
		6DE35C5B1BCCC44700F13E97 /* Product */ = {
			isa = XCBuildConfiguration;
			baseConfigurationReference = 102F2C658847D4DE0079FB17 /* Pods-UINProjectBaseSetTests.product.xcconfig */;
			buildSettings = {
				BUNDLE_LOADER = "$(TEST_HOST)";
				INFOPLIST_FILE = UINProjectBaseSetTests/Info.plist;
				LD_RUNPATH_SEARCH_PATHS = "$(inherited) @executable_path/Frameworks @loader_path/Frameworks";
				PRODUCT_BUNDLE_IDENTIFIER = com.uin010.UINProjectBaseSetTests;
				PRODUCT_NAME = "$(TARGET_NAME)";
				TEST_HOST = "$(BUILT_PRODUCTS_DIR)/UINProjectBaseSet.app/UINProjectBaseSet";
			};
			name = Product;
		};
		6DE35C5D1BCCC44700F13E97 /* Debug */ = {
			isa = XCBuildConfiguration;
			baseConfigurationReference = 57A5EFBDD7DF915099446F8F /* Pods-UINProjectBaseSetUITests.debug.xcconfig */;
			buildSettings = {
				INFOPLIST_FILE = UINProjectBaseSetUITests/Info.plist;
				LD_RUNPATH_SEARCH_PATHS = "$(inherited) @executable_path/Frameworks @loader_path/Frameworks";
				PRODUCT_BUNDLE_IDENTIFIER = com.uin010.UINProjectBaseSetUITests;
				PRODUCT_NAME = "$(TARGET_NAME)";
				TEST_TARGET_NAME = UINProjectBaseSet;
				USES_XCTRUNNER = YES;
			};
			name = Debug;
		};
		6DE35C5E1BCCC44700F13E97 /* Product */ = {
			isa = XCBuildConfiguration;
			baseConfigurationReference = CEE162009640877B3C5D0A14 /* Pods-UINProjectBaseSetUITests.product.xcconfig */;
			buildSettings = {
				INFOPLIST_FILE = UINProjectBaseSetUITests/Info.plist;
				LD_RUNPATH_SEARCH_PATHS = "$(inherited) @executable_path/Frameworks @loader_path/Frameworks";
				PRODUCT_BUNDLE_IDENTIFIER = com.uin010.UINProjectBaseSetUITests;
				PRODUCT_NAME = "$(TARGET_NAME)";
				TEST_TARGET_NAME = UINProjectBaseSet;
				USES_XCTRUNNER = YES;
			};
			name = Product;
		};
/* End XCBuildConfiguration section */

/* Begin XCConfigurationList section */
		6DE35C291BCCC44700F13E97 /* Build configuration list for PBXProject "UINProjectBaseSet" */ = {
			isa = XCConfigurationList;
			buildConfigurations = (
				6DE35C541BCCC44700F13E97 /* Debug */,
				6DD4C05B1BCE2E20005838F6 /* Dev */,
				6DD4C0571BCE2DDA005838F6 /* Staging */,
				6DE35C551BCCC44700F13E97 /* Product */,
				6DD4C05F1BCE2E30005838F6 /* InHouse-Dev */,
				6DD4C0631BCE2E3B005838F6 /* InHouse-Staging */,
				6DD4C0671BCE2E45005838F6 /* InHouse-Product */,
			);
			defaultConfigurationIsVisible = 0;
			defaultConfigurationName = Product;
		};
		6DE35C561BCCC44700F13E97 /* Build configuration list for PBXNativeTarget "UINProjectBaseSet" */ = {
			isa = XCConfigurationList;
			buildConfigurations = (
				6DE35C571BCCC44700F13E97 /* Debug */,
				6DD4C05C1BCE2E20005838F6 /* Dev */,
				6DD4C0581BCE2DDA005838F6 /* Staging */,
				6DE35C581BCCC44700F13E97 /* Product */,
				6DD4C0601BCE2E30005838F6 /* InHouse-Dev */,
				6DD4C0641BCE2E3B005838F6 /* InHouse-Staging */,
				6DD4C0681BCE2E45005838F6 /* InHouse-Product */,
			);
			defaultConfigurationIsVisible = 0;
			defaultConfigurationName = Product;
		};
		6DE35C591BCCC44700F13E97 /* Build configuration list for PBXNativeTarget "UINProjectBaseSetTests" */ = {
			isa = XCConfigurationList;
			buildConfigurations = (
				6DE35C5A1BCCC44700F13E97 /* Debug */,
				6DD4C05D1BCE2E20005838F6 /* Dev */,
				6DD4C0591BCE2DDA005838F6 /* Staging */,
				6DE35C5B1BCCC44700F13E97 /* Product */,
				6DD4C0611BCE2E30005838F6 /* InHouse-Dev */,
				6DD4C0651BCE2E3B005838F6 /* InHouse-Staging */,
				6DD4C0691BCE2E45005838F6 /* InHouse-Product */,
			);
			defaultConfigurationIsVisible = 0;
			defaultConfigurationName = Product;
		};
		6DE35C5C1BCCC44700F13E97 /* Build configuration list for PBXNativeTarget "UINProjectBaseSetUITests" */ = {
			isa = XCConfigurationList;
			buildConfigurations = (
				6DE35C5D1BCCC44700F13E97 /* Debug */,
				6DD4C05E1BCE2E20005838F6 /* Dev */,
				6DD4C05A1BCE2DDA005838F6 /* Staging */,
				6DE35C5E1BCCC44700F13E97 /* Product */,
				6DD4C0621BCE2E30005838F6 /* InHouse-Dev */,
				6DD4C0661BCE2E3B005838F6 /* InHouse-Staging */,
				6DD4C06A1BCE2E45005838F6 /* InHouse-Product */,
			);
			defaultConfigurationIsVisible = 0;
			defaultConfigurationName = Product;
		};
/* End XCConfigurationList section */
	};
	rootObject = 6DE35C261BCCC44700F13E97 /* Project object */;
}
